{
    "version": 3,
    "terraform_version": "0.11.7",
    "serial": 1,
    "lineage": "a60facbc-7f65-18c1-5d93-adaf936ad75a",
    "modules": [
        {
            "path": [
                "root"
            ],
            "outputs": {
                "az": {
                    "sensitive": false,
                    "type": "string",
                    "value": "us-east-1d"
                },
                "bosh_security_group": {
                    "sensitive": false,
                    "type": "string",
                    "value": "sg-cf417b86"
                },
                "cf_iso_router_lb_name": {
                    "sensitive": false,
                    "type": "string",
                    "value": ""
                },
                "cf_router_lb_internal_security_group": {
                    "sensitive": false,
                    "type": "string",
                    "value": "sg-7c516b35"
                },
                "cf_router_lb_name": {
                    "sensitive": false,
                    "type": "string",
                    "value": "bbl-env-ur-57f6c24-cf-router-lb"
                },
                "cf_router_lb_security_group": {
                    "sensitive": false,
                    "type": "string",
                    "value": "sg-ce417b87"
                },
                "cf_router_lb_url": {
                    "sensitive": false,
                    "type": "string",
                    "value": "bbl-env-ur-57f6c24-cf-router-lb-1276272251.us-east-1.elb.amazonaws.com"
                },
                "cf_ssh_lb_internal_security_group": {
                    "sensitive": false,
                    "type": "string",
                    "value": "sg-51427818"
                },
                "cf_ssh_lb_name": {
                    "sensitive": false,
                    "type": "string",
                    "value": "bbl-env-ur-57f6c24-cf-ssh-lb"
                },
                "cf_ssh_lb_security_group": {
                    "sensitive": false,
                    "type": "string",
                    "value": "sg-4e457f07"
                },
                "cf_ssh_lb_url": {
                    "sensitive": false,
                    "type": "string",
                    "value": "bbl-env-ur-57f6c24-cf-ssh-lb-1572124560.us-east-1.elb.amazonaws.com"
                },
                "cf_tcp_lb_internal_security_group": {
                    "sensitive": false,
                    "type": "string",
                    "value": "sg-2c407a65"
                },
                "cf_tcp_lb_name": {
                    "sensitive": false,
                    "type": "string",
                    "value": "bbl-env-ur-57f6c24-cf-tcp-lb"
                },
                "cf_tcp_lb_security_group": {
                    "sensitive": false,
                    "type": "string",
                    "value": "sg-55417b1c"
                },
                "cf_tcp_lb_url": {
                    "sensitive": false,
                    "type": "string",
                    "value": "bbl-env-ur-57f6c24-cf-tcp-lb-1121682814.us-east-1.elb.amazonaws.com"
                },
                "default_key_name": {
                    "sensitive": false,
                    "type": "string",
                    "value": "bbl-env-urmia-2018-04-30t03-16z_bosh_vms"
                },
                "director__default_security_groups": {
                    "sensitive": false,
                    "type": "list",
                    "value": [
                        "sg-cf417b86"
                    ]
                },
                "director__internal_ip": {
                    "sensitive": false,
                    "type": "string",
                    "value": "10.0.0.6"
                },
                "director_address": {
                    "sensitive": false,
                    "type": "string",
                    "value": "https://35.173.109.98:25555"
                },
                "director_name": {
                    "sensitive": false,
                    "type": "string",
                    "value": "bosh-bbl-env-urmia-2018-04-30t03-16z"
                },
                "env_dns_zone_name_servers": {
                    "sensitive": false,
                    "type": "list",
                    "value": [
                        "ns-1104.awsdns-10.org",
                        "ns-1936.awsdns-50.co.uk",
                        "ns-364.awsdns-45.com",
                        "ns-513.awsdns-00.net"
                    ]
                },
                "external_ip": {
                    "sensitive": false,
                    "type": "string",
                    "value": "35.173.109.98"
                },
                "iam_instance_profile": {
                    "sensitive": false,
                    "type": "string",
                    "value": "bbl-env-urmia-2018-04-30t03-16z-bosh"
                },
                "internal_az_subnet_cidr_mapping": {
                    "sensitive": false,
                    "type": "map",
                    "value": {
                        "us-east-1a": "10.0.16.0/20",
                        "us-east-1b": "10.0.32.0/20",
                        "us-east-1c": "10.0.48.0/20",
                        "us-east-1d": "10.0.64.0/20",
                        "us-east-1e": "10.0.80.0/20",
                        "us-east-1f": "10.0.96.0/20"
                    }
                },
                "internal_az_subnet_id_mapping": {
                    "sensitive": false,
                    "type": "map",
                    "value": {
                        "us-east-1a": "subnet-9f8d3cd5",
                        "us-east-1b": "subnet-9ff71ac3",
                        "us-east-1c": "subnet-2024d847",
                        "us-east-1d": "subnet-2e32dd00",
                        "us-east-1e": "subnet-f89c93c7",
                        "us-east-1f": "subnet-097afc06"
                    }
                },
                "internal_cidr": {
                    "sensitive": false,
                    "type": "string",
                    "value": "10.0.0.0/24"
                },
                "internal_gw": {
                    "sensitive": false,
                    "type": "string",
                    "value": "10.0.0.1"
                },
                "internal_security_group": {
                    "sensitive": false,
                    "type": "string",
                    "value": "sg-0e467c47"
                },
                "iso_az_subnet_cidr_mapping": {
                    "sensitive": false,
                    "type": "map",
                    "value": {}
                },
                "iso_az_subnet_id_mapping": {
                    "sensitive": false,
                    "type": "map",
                    "value": {}
                },
                "iso_security_group_id": {
                    "sensitive": false,
                    "type": "string",
                    "value": ""
                },
                "iso_shared_security_group_id": {
                    "sensitive": false,
                    "type": "string",
                    "value": ""
                },
                "jumpbox__default_security_groups": {
                    "sensitive": false,
                    "type": "list",
                    "value": [
                        "sg-2b407a62"
                    ]
                },
                "jumpbox__internal_ip": {
                    "sensitive": false,
                    "type": "string",
                    "value": "10.0.0.5"
                },
                "jumpbox_security_group": {
                    "sensitive": false,
                    "type": "string",
                    "value": "sg-2b407a62"
                },
                "jumpbox_url": {
                    "sensitive": false,
                    "type": "string",
                    "value": "35.173.109.98:22"
                },
                "kms_key_arn": {
                    "sensitive": false,
                    "type": "string",
                    "value": "arn:aws:kms:us-east-1:722216819315:key/8e8b6939-4790-434c-840c-59088da1d830"
                },
                "lb_subnet_availability_zones": {
                    "sensitive": false,
                    "type": "list",
                    "value": [
                        "us-east-1a",
                        "us-east-1b",
                        "us-east-1c",
                        "us-east-1d",
                        "us-east-1e",
                        "us-east-1f"
                    ]
                },
                "lb_subnet_cidrs": {
                    "sensitive": false,
                    "type": "list",
                    "value": [
                        "10.0.2.0/24",
                        "10.0.3.0/24",
                        "10.0.4.0/24",
                        "10.0.5.0/24",
                        "10.0.6.0/24",
                        "10.0.7.0/24"
                    ]
                },
                "lb_subnet_ids": {
                    "sensitive": false,
                    "type": "list",
                    "value": [
                        "subnet-bc9e2ff6",
                        "subnet-24f21f78",
                        "subnet-f826da9f",
                        "subnet-ff06e9d1",
                        "subnet-78848b47",
                        "subnet-f70f89f8"
                    ]
                },
                "nat_eip": {
                    "sensitive": false,
                    "type": "string",
                    "value": "34.192.127.178"
                },
                "private_key": {
                    "sensitive": true,
                    "type": "string",
                    "value": "-----BEGIN RSA PRIVATE KEY-----\nMIIJJwIBAAKCAgEA46c/HOX5ryi537+dAOcd+Y5Wfhq8a9L15Hvta5wh1lyQh8FB\nAu4CikAUIo6WcaKTONBsE75uWouohNClrILdttXhW5gJ8mG+H3+h61TOZpevi1lz\nV/f1/rtKmse6yCcgjqFFOeN9ZW31mVsOgyh3InDu5saXP5jC9PX6i44RlABen8H5\n1Z9EEH9Gk3TBYmIgtu88VKiTezkKaCrKVDEUODILCizkv7LiS6CGVTMGj8A2J1d/\nh4n8S7q8+hLHBxfKkdCsCbWtYMsNGHKLLwZRzonxRWl71bBxlU5urLereVPF9iNc\nze4Jn6GhumhCZbVYLG4nZbjdtdmWseGoX765SdRRkLFhYv8o3dhUnen+bfjAiOzt\nNP/j0lSaomaBOR+sHoc9U+GksvPNBsbo6GvWorE/DdYPSoxpEOPlHbMHLdJp4D19\nSn2GR5jnIdBAk4XFPEgMszD79Bis10fzNJcPRvVS6Os7LJ6Bul03DuQXFH1caM1a\ndjQV2NZ4EeIPAv5H9NLGIu+1frOQ1BYEXI83HplOmNxA3GD/5JEL4VFX3wTqo7+r\n60Sd0ZYEWsFDHq1w/bz8rWqolJaCptm5WTxT+rClYjcNIoReYmQ9gY7Q56ANwK0l\nMmeR3KAI4l7QLvIQ7lkthIIrbErqGAjem/SEcJwiNK0frROlhf88zzcIKt0CAwEA\nAQKCAgAbYgOiazs0SXbKJhcxg5tEaE2ZD4g4hACVwh5VwksDqNCts54pRw3BKWIC\nohoQgxioTdGiMla9x2y2xQ4YiQk4M9POm6Qepoki6sxELUhCaN5xqYnJPAc347le\nksWxy5sL7PQRuX5c0/QlxSEiv5xM5T6nPZ31xV817dx8KtOMdNrs5n0xp92dCmIn\n3HRibCE5P9+G41wSB1NsIjGCHQEsnUBcsfe140N7C0z9NI0Gf31EEC9D02Iojcar\nYdTU0pTII0x+Qn8fVG030pdRSbZPXKJL0htWIcoXxn5jghg7GMuIBsrj7kz0CZIV\nhPLvnveDKKDOiIUKmaiZruX81kkdETWjH6jil10yXonEXdTbuw4JynB7ciOOc++p\nPTyUXIsHBeVIbd3iNpEkg0bJy3pEtlyfm5Lchzs5HiCxsTj6tkI4qlu8LwgBYwhr\nZsCrkWAtHttxGl82/NvZFVC3M5vbPRc0cWTwhQjU07ExaYZARrVKeZYqUuSle57s\n4lbc0L6FtiN94ESdxLJuorVp4s2rYmY/16XSgXYzH8BT1MZc6zlo+MZBIx4EofMk\n37lmyLYK00HhlF0enTsEawPy3O2B2iOl8gXHO2dhRVZu6CGRmSPNSzwo/L5lk+Xc\nSatVg5fhzC8igofbnRbec6oCwct8vp4ahAetLQs0UGfS0L0DVQKCAQEA+MQdBwOB\nKrx+5QWF+migtaPir5twppwuTBOAxejblYnbI37KorjgyeEGCJCiBrEs0cCv1SIY\nT+geKqzysx5b55JNT6MBuCjfM4nKFU0jWBWkxr/+PSV+PeGOLDB9rd4TwbwcId0b\n4g56PxjqXmw1wWEq4235AgkTjjGpr0dDj/exkLZY3ZiqnzuRfp3yF+QuIV/EdcW0\nYKkdhLz3xbtWo/G69+X48CpLvRHAgAJnX5cl/4B8veAyNaCRPWTvEjtP25ZnJl7b\ncWpznaRJtz4xItlRV2SJqdS9E4/Hj9zbaCHhByNr3wUB6G6/5TELpx1438/hq8wH\nGGFqyEIM8BctTwKCAQEA6kX2sTf5ycdG5SU8hAVVwdYvCny8LWf3cgkGg5nW/e1H\nOWMTfJ0IvVBpsF7uFkuMIV/XfGndPxPJ28+zsHyEptd6nniMrwQWjs8WnMeFi6Ts\nhf2AclE8iLPnzuYgvHjo3jsCJ+wMc0XSkAoJi20sk/yAnwxZkY9GdX/WvAcRo0Tq\nByVBOqhnkgl8OthJRQjj7lDla6fN6Bb6S44GUJkh/6qruLKP2pFXzIyrX5uhHrxF\n6v33HxJlOZFlRUj0eq/pCIPa9UfoiJb3rt5yYEb1JIkEnwBV1fPdlSEwYxS8se4Y\n+hEnOrstuSRLOsCtgO6ZGajVSlL9/2kVahczJEvSEwKCAQAhdM6qmNAQXVV7m6iP\nKu8iPq5IC9G0tqCLXrwc4dpWXDn6phy+kbq5q+fR0xHXcJCkjROYyIMYjBEykBv7\n9wNJO6XmJfgfOm/6UHe7MaqlOBP3Hu8kbhxyWhly2/qrHYjur0vhSglr96J9Re6P\nUGJSZa0M9Udd/LaCky9NAXqWrCtXWQ7Ojq+zxqEktD1Q9UE2/9g+Np6xuUzdA0UX\ndMCMQABzQpyeQDH7dZ28GZaphnx3xmIAb1yRVczywtZcT1nIIIwy3uMId9agxu2b\nFWQqWavU4xKYoqHjNZ0TPhLMCHJpMVxanCPLjMmGG3iDuzT8dMrW/hOeNcvUrv1q\ndNOFAoIBAGBZH8jotYFHxJ9u/gFp1Egg1z3f6OBftsOedKBg/6t1D2rJlXUVfEen\nr5/Kmu5uaZY8PXo8a7KKZ+VP+Z2myEN5sUNFXs6HxuM6xhj6cbDpxiChDld1k4jB\nPJ+5w1LgAx2KdSuIB+LMn3l/t0cxQjkmiptez+NuYlLmnaC844MbT4hayQXfxqCn\n6ACnfRK4Qk171a6915ARCyVRpsU1BWeJgJA4V7NTPSGx5LUwY0YptjOb+Ss9PIY9\nhsHE7E8c06Ed4UopJbgvJnQzpiR0alN5Sn49/A8++S1g9e5509T1kC4gKdscqgRP\nqeTi4zh4aFzGM9oaYb3OMPFt0ymlSSMCggEADPMX1Z/5wJErZcOH2Yy/XnsV8H0T\nU4IursIivBEuytRwZhFIIiGjmOihHMQ72EFD6Qy73HGM15JbLzvOAiKCJaO2/0w6\noy1KnBDKjG8XY1TLNfM0zJvlgDrtYSh3ua9DqTAp3ClPZVy5YZYt7QA8dgIkdB5+\nsHu6s+C/4gQhTTHhbYY0VDFYuCVt4DyWHKNFojA4SwZfB+ra+cmbnB93JTn85MYT\n+n3tUjGGaHItwE2AaIlrkiT+OmM7TqnqK06Hj8CKPhy1E6kQygsrSGtHq05tS8rJ\nZGUVae3okvn4pAPiqnppnXZFNzf7TwvhaVKGqnCCrpMARyGN9h4ofheF2A==\n-----END RSA PRIVATE KEY-----\n"
                },
                "region": {
                    "sensitive": false,
                    "type": "string",
                    "value": "us-east-1"
                },
                "subnet_id": {
                    "sensitive": false,
                    "type": "string",
                    "value": "subnet-dd31def3"
                },
                "vpc_id": {
                    "sensitive": false,
                    "type": "string",
                    "value": "vpc-ce3364b5"
                }
            },
            "resources": {
                "aws_cloudwatch_log_group.bbl": {
                    "type": "aws_cloudwatch_log_group",
                    "depends_on": [],
                    "primary": {
                        "id": "bbl-env-ur-57f6c24-log-group20180430042821930700000001",
                        "attributes": {
                            "arn": "arn:aws:logs:us-east-1:722216819315:log-group:bbl-env-ur-57f6c24-log-group20180430042821930700000001:*",
                            "id": "bbl-env-ur-57f6c24-log-group20180430042821930700000001",
                            "kms_key_id": "",
                            "name": "bbl-env-ur-57f6c24-log-group20180430042821930700000001",
                            "name_prefix": "bbl-env-ur-57f6c24-log-group",
                            "retention_in_days": "0",
                            "tags.%": "0"
                        },
                        "meta": {},
                        "tainted": false
                    },
                    "deposed": [],
                    "provider": "provider.aws"
                },
                "aws_default_security_group.default_security_group": {
                    "type": "aws_default_security_group",
                    "depends_on": [
                        "local.vpc_id"
                    ],
                    "primary": {
                        "id": "sg-0f467c46",
                        "attributes": {
                            "arn": "arn:aws:ec2:us-east-1:722216819315:security-group/sg-0f467c46",
                            "egress.#": "0",
                            "id": "sg-0f467c46",
                            "ingress.#": "1",
                            "ingress.753360330.cidr_blocks.#": "0",
                            "ingress.753360330.description": "",
                            "ingress.753360330.from_port": "0",
                            "ingress.753360330.ipv6_cidr_blocks.#": "0",
                            "ingress.753360330.protocol": "-1",
                            "ingress.753360330.security_groups.#": "0",
                            "ingress.753360330.self": "true",
                            "ingress.753360330.to_port": "0",
                            "name": "default",
                            "owner_id": "722216819315",
                            "revoke_rules_on_delete": "false",
                            "tags.%": "0",
                            "vpc_id": "vpc-ce3364b5"
                        },
                        "meta": {
                            "e2bfb730-ecaa-11e6-8f88-34363bc7c4c0": {
                                "create": 600000000000,
                                "delete": 600000000000
                            },
                            "schema_version": "1"
                        },
                        "tainted": false
                    },
                    "deposed": [],
                    "provider": "provider.aws"
                },
                "aws_eip.jumpbox_eip": {
                    "type": "aws_eip",
                    "depends_on": [
                        "aws_internet_gateway.ig"
                    ],
                    "primary": {
                        "id": "eipalloc-d0a1acd9",
                        "attributes": {
                            "association_id": "",
                            "domain": "vpc",
                            "id": "eipalloc-d0a1acd9",
                            "instance": "",
                            "network_interface": "",
                            "private_ip": "",
                            "public_ip": "35.173.109.98",
                            "tags.%": "0",
                            "vpc": "true"
                        },
                        "meta": {
                            "e2bfb730-ecaa-11e6-8f88-34363bc7c4c0": {
                                "delete": 180000000000,
                                "read": 900000000000,
                                "update": 300000000000
                            }
                        },
                        "tainted": false
                    },
                    "deposed": [],
                    "provider": "provider.aws"
                },
                "aws_eip.nat_eip": {
                    "type": "aws_eip",
                    "depends_on": [
                        "aws_instance.nat",
                        "aws_internet_gateway.ig"
                    ],
                    "primary": {
                        "id": "eipalloc-9aa2af93",
                        "attributes": {
                            "association_id": "eipassoc-979c302f",
                            "domain": "vpc",
                            "id": "eipalloc-9aa2af93",
                            "instance": "i-09339696bdd0ef643",
                            "network_interface": "eni-9e59210b",
                            "private_ip": "10.0.0.7",
                            "public_ip": "34.192.127.178",
                            "tags.%": "0",
                            "vpc": "true"
                        },
                        "meta": {
                            "e2bfb730-ecaa-11e6-8f88-34363bc7c4c0": {
                                "delete": 180000000000,
                                "read": 900000000000,
                                "update": 300000000000
                            }
                        },
                        "tainted": false
                    },
                    "deposed": [],
                    "provider": "provider.aws"
                },
                "aws_elb.cf_router_lb": {
                    "type": "aws_elb",
                    "depends_on": [
                        "aws_iam_server_certificate.lb_cert",
                        "aws_security_group.cf_router_lb_security_group",
                        "aws_subnet.lb_subnets.*"
                    ],
                    "primary": {
                        "id": "bbl-env-ur-57f6c24-cf-router-lb",
                        "attributes": {
                            "access_logs.#": "0",
                            "arn": "arn:aws:elasticloadbalancing:us-east-1:722216819315:loadbalancer/bbl-env-ur-57f6c24-cf-router-lb",
                            "availability_zones.#": "6",
                            "availability_zones.1252502072": "us-east-1f",
                            "availability_zones.1305112097": "us-east-1b",
                            "availability_zones.2762590996": "us-east-1d",
                            "availability_zones.3551460226": "us-east-1e",
                            "availability_zones.3569565595": "us-east-1a",
                            "availability_zones.986537655": "us-east-1c",
                            "connection_draining": "false",
                            "connection_draining_timeout": "300",
                            "cross_zone_load_balancing": "true",
                            "dns_name": "bbl-env-ur-57f6c24-cf-router-lb-1276272251.us-east-1.elb.amazonaws.com",
                            "health_check.#": "1",
                            "health_check.0.healthy_threshold": "5",
                            "health_check.0.interval": "12",
                            "health_check.0.target": "TCP:80",
                            "health_check.0.timeout": "2",
                            "health_check.0.unhealthy_threshold": "2",
                            "id": "bbl-env-ur-57f6c24-cf-router-lb",
                            "idle_timeout": "60",
                            "instances.#": "0",
                            "internal": "false",
                            "listener.#": "3",
                            "listener.1452272919.instance_port": "80",
                            "listener.1452272919.instance_protocol": "tcp",
                            "listener.1452272919.lb_port": "4443",
                            "listener.1452272919.lb_protocol": "ssl",
                            "listener.1452272919.ssl_certificate_id": "arn:aws:iam::722216819315:server-certificate/bbl-env-ur-57f6c2420180430042821931200000002",
                            "listener.3057123346.instance_port": "80",
                            "listener.3057123346.instance_protocol": "http",
                            "listener.3057123346.lb_port": "80",
                            "listener.3057123346.lb_protocol": "http",
                            "listener.3057123346.ssl_certificate_id": "",
                            "listener.848849923.instance_port": "80",
                            "listener.848849923.instance_protocol": "http",
                            "listener.848849923.lb_port": "443",
                            "listener.848849923.lb_protocol": "https",
                            "listener.848849923.ssl_certificate_id": "arn:aws:iam::722216819315:server-certificate/bbl-env-ur-57f6c2420180430042821931200000002",
                            "name": "bbl-env-ur-57f6c24-cf-router-lb",
                            "security_groups.#": "1",
                            "security_groups.1091512790": "sg-ce417b87",
                            "source_security_group": "722216819315/bbl-env-urmia-2018-04-30t03-16z-cf-router-lb-security-group",
                            "source_security_group_id": "sg-ce417b87",
                            "subnets.#": "6",
                            "subnets.2033874778": "subnet-78848b47",
                            "subnets.2385323625": "subnet-24f21f78",
                            "subnets.261695914": "subnet-ff06e9d1",
                            "subnets.296936808": "subnet-f826da9f",
                            "subnets.3232041275": "subnet-f70f89f8",
                            "subnets.473908627": "subnet-bc9e2ff6",
                            "tags.%": "0",
                            "zone_id": "Z35SXDOTRQ7X7K"
                        },
                        "meta": {},
                        "tainted": false
                    },
                    "deposed": [],
                    "provider": "provider.aws"
                },
                "aws_elb.cf_ssh_lb": {
                    "type": "aws_elb",
                    "depends_on": [
                        "aws_security_group.cf_ssh_lb_security_group",
                        "aws_subnet.lb_subnets.*"
                    ],
                    "primary": {
                        "id": "bbl-env-ur-57f6c24-cf-ssh-lb",
                        "attributes": {
                            "access_logs.#": "0",
                            "arn": "arn:aws:elasticloadbalancing:us-east-1:722216819315:loadbalancer/bbl-env-ur-57f6c24-cf-ssh-lb",
                            "availability_zones.#": "6",
                            "availability_zones.1252502072": "us-east-1f",
                            "availability_zones.1305112097": "us-east-1b",
                            "availability_zones.2762590996": "us-east-1d",
                            "availability_zones.3551460226": "us-east-1e",
                            "availability_zones.3569565595": "us-east-1a",
                            "availability_zones.986537655": "us-east-1c",
                            "connection_draining": "false",
                            "connection_draining_timeout": "300",
                            "cross_zone_load_balancing": "true",
                            "dns_name": "bbl-env-ur-57f6c24-cf-ssh-lb-1572124560.us-east-1.elb.amazonaws.com",
                            "health_check.#": "1",
                            "health_check.0.healthy_threshold": "5",
                            "health_check.0.interval": "6",
                            "health_check.0.target": "TCP:2222",
                            "health_check.0.timeout": "2",
                            "health_check.0.unhealthy_threshold": "2",
                            "id": "bbl-env-ur-57f6c24-cf-ssh-lb",
                            "idle_timeout": "60",
                            "instances.#": "0",
                            "internal": "false",
                            "listener.#": "1",
                            "listener.275574649.instance_port": "2222",
                            "listener.275574649.instance_protocol": "tcp",
                            "listener.275574649.lb_port": "2222",
                            "listener.275574649.lb_protocol": "tcp",
                            "listener.275574649.ssl_certificate_id": "",
                            "name": "bbl-env-ur-57f6c24-cf-ssh-lb",
                            "security_groups.#": "1",
                            "security_groups.616322845": "sg-4e457f07",
                            "source_security_group": "722216819315/bbl-env-urmia-2018-04-30t03-16z-cf-ssh-lb-security-group",
                            "source_security_group_id": "sg-4e457f07",
                            "subnets.#": "6",
                            "subnets.2033874778": "subnet-78848b47",
                            "subnets.2385323625": "subnet-24f21f78",
                            "subnets.261695914": "subnet-ff06e9d1",
                            "subnets.296936808": "subnet-f826da9f",
                            "subnets.3232041275": "subnet-f70f89f8",
                            "subnets.473908627": "subnet-bc9e2ff6",
                            "tags.%": "0",
                            "zone_id": "Z35SXDOTRQ7X7K"
                        },
                        "meta": {},
                        "tainted": false
                    },
                    "deposed": [],
                    "provider": "provider.aws"
                },
                "aws_elb.cf_tcp_lb": {
                    "type": "aws_elb",
                    "depends_on": [
                        "aws_security_group.cf_tcp_lb_security_group",
                        "aws_subnet.lb_subnets.*"
                    ],
                    "primary": {
                        "id": "bbl-env-ur-57f6c24-cf-tcp-lb",
                        "attributes": {
                            "access_logs.#": "0",
                            "arn": "arn:aws:elasticloadbalancing:us-east-1:722216819315:loadbalancer/bbl-env-ur-57f6c24-cf-tcp-lb",
                            "availability_zones.#": "6",
                            "availability_zones.1252502072": "us-east-1f",
                            "availability_zones.1305112097": "us-east-1b",
                            "availability_zones.2762590996": "us-east-1d",
                            "availability_zones.3551460226": "us-east-1e",
                            "availability_zones.3569565595": "us-east-1a",
                            "availability_zones.986537655": "us-east-1c",
                            "connection_draining": "false",
                            "connection_draining_timeout": "300",
                            "cross_zone_load_balancing": "true",
                            "dns_name": "bbl-env-ur-57f6c24-cf-tcp-lb-1121682814.us-east-1.elb.amazonaws.com",
                            "health_check.#": "1",
                            "health_check.0.healthy_threshold": "6",
                            "health_check.0.interval": "5",
                            "health_check.0.target": "TCP:80",
                            "health_check.0.timeout": "3",
                            "health_check.0.unhealthy_threshold": "3",
                            "id": "bbl-env-ur-57f6c24-cf-tcp-lb",
                            "idle_timeout": "60",
                            "instances.#": "0",
                            "internal": "false",
                            "listener.#": "100",
                            "listener.1029819482.instance_port": "1106",
                            "listener.1029819482.instance_protocol": "tcp",
                            "listener.1029819482.lb_port": "1106",
                            "listener.1029819482.lb_protocol": "tcp",
                            "listener.1029819482.ssl_certificate_id": "",
                            "listener.1096305387.instance_port": "1051",
                            "listener.1096305387.instance_protocol": "tcp",
                            "listener.1096305387.lb_port": "1051",
                            "listener.1096305387.lb_protocol": "tcp",
                            "listener.1096305387.ssl_certificate_id": "",
                            "listener.1119341115.instance_port": "1048",
                            "listener.1119341115.instance_protocol": "tcp",
                            "listener.1119341115.lb_port": "1048",
                            "listener.1119341115.lb_protocol": "tcp",
                            "listener.1119341115.ssl_certificate_id": "",
                            "listener.1131334920.instance_port": "1024",
                            "listener.1131334920.instance_protocol": "tcp",
                            "listener.1131334920.lb_port": "1024",
                            "listener.1131334920.lb_protocol": "tcp",
                            "listener.1131334920.ssl_certificate_id": "",
                            "listener.114330225.instance_port": "1118",
                            "listener.114330225.instance_protocol": "tcp",
                            "listener.114330225.lb_port": "1118",
                            "listener.114330225.lb_protocol": "tcp",
                            "listener.114330225.ssl_certificate_id": "",
                            "listener.1170463625.instance_port": "1109",
                            "listener.1170463625.instance_protocol": "tcp",
                            "listener.1170463625.lb_port": "1109",
                            "listener.1170463625.lb_protocol": "tcp",
                            "listener.1170463625.ssl_certificate_id": "",
                            "listener.1177312089.instance_port": "1110",
                            "listener.1177312089.instance_protocol": "tcp",
                            "listener.1177312089.lb_port": "1110",
                            "listener.1177312089.lb_protocol": "tcp",
                            "listener.1177312089.ssl_certificate_id": "",
                            "listener.1229443278.instance_port": "1050",
                            "listener.1229443278.instance_protocol": "tcp",
                            "listener.1229443278.lb_port": "1050",
                            "listener.1229443278.lb_protocol": "tcp",
                            "listener.1229443278.ssl_certificate_id": "",
                            "listener.1252544542.instance_port": "1049",
                            "listener.1252544542.instance_protocol": "tcp",
                            "listener.1252544542.lb_port": "1049",
                            "listener.1252544542.lb_protocol": "tcp",
                            "listener.1252544542.ssl_certificate_id": "",
                            "listener.1265719085.instance_port": "1025",
                            "listener.1265719085.instance_protocol": "tcp",
                            "listener.1265719085.lb_port": "1025",
                            "listener.1265719085.lb_protocol": "tcp",
                            "listener.1265719085.ssl_certificate_id": "",
                            "listener.1306280364.instance_port": "1108",
                            "listener.1306280364.instance_protocol": "tcp",
                            "listener.1306280364.lb_port": "1108",
                            "listener.1306280364.lb_protocol": "tcp",
                            "listener.1306280364.ssl_certificate_id": "",
                            "listener.1312014716.instance_port": "1111",
                            "listener.1312014716.instance_protocol": "tcp",
                            "listener.1312014716.lb_port": "1111",
                            "listener.1312014716.lb_protocol": "tcp",
                            "listener.1312014716.ssl_certificate_id": "",
                            "listener.1365737121.instance_port": "1053",
                            "listener.1365737121.instance_protocol": "tcp",
                            "listener.1365737121.lb_port": "1053",
                            "listener.1365737121.lb_protocol": "tcp",
                            "listener.1365737121.ssl_certificate_id": "",
                            "listener.1397881154.instance_port": "1026",
                            "listener.1397881154.instance_protocol": "tcp",
                            "listener.1397881154.lb_port": "1026",
                            "listener.1397881154.lb_protocol": "tcp",
                            "listener.1397881154.ssl_certificate_id": "",
                            "listener.140642005.instance_port": "1034",
                            "listener.140642005.instance_protocol": "tcp",
                            "listener.140642005.lb_port": "1034",
                            "listener.140642005.lb_protocol": "tcp",
                            "listener.140642005.ssl_certificate_id": "",
                            "listener.1444114195.instance_port": "1112",
                            "listener.1444114195.instance_protocol": "tcp",
                            "listener.1444114195.lb_port": "1112",
                            "listener.1444114195.lb_protocol": "tcp",
                            "listener.1444114195.ssl_certificate_id": "",
                            "listener.1501095044.instance_port": "1052",
                            "listener.1501095044.instance_protocol": "tcp",
                            "listener.1501095044.lb_port": "1052",
                            "listener.1501095044.lb_protocol": "tcp",
                            "listener.1501095044.ssl_certificate_id": "",
                            "listener.1531863911.instance_port": "1027",
                            "listener.1531863911.instance_protocol": "tcp",
                            "listener.1531863911.lb_port": "1027",
                            "listener.1531863911.lb_protocol": "tcp",
                            "listener.1531863911.ssl_certificate_id": "",
                            "listener.1577907510.instance_port": "1113",
                            "listener.1577907510.instance_protocol": "tcp",
                            "listener.1577907510.lb_port": "1113",
                            "listener.1577907510.lb_protocol": "tcp",
                            "listener.1577907510.ssl_certificate_id": "",
                            "listener.1627333964.instance_port": "1039",
                            "listener.1627333964.instance_protocol": "tcp",
                            "listener.1627333964.lb_port": "1039",
                            "listener.1627333964.lb_protocol": "tcp",
                            "listener.1627333964.ssl_certificate_id": "",
                            "listener.1629889151.instance_port": "1055",
                            "listener.1629889151.instance_protocol": "tcp",
                            "listener.1629889151.lb_port": "1055",
                            "listener.1629889151.lb_protocol": "tcp",
                            "listener.1629889151.ssl_certificate_id": "",
                            "listener.163250662.instance_port": "1058",
                            "listener.163250662.instance_protocol": "tcp",
                            "listener.163250662.lb_port": "1058",
                            "listener.163250662.lb_protocol": "tcp",
                            "listener.163250662.ssl_certificate_id": "",
                            "listener.1716663245.instance_port": "1114",
                            "listener.1716663245.instance_protocol": "tcp",
                            "listener.1716663245.lb_port": "1114",
                            "listener.1716663245.lb_protocol": "tcp",
                            "listener.1716663245.ssl_certificate_id": "",
                            "listener.173310262.instance_port": "1041",
                            "listener.173310262.instance_protocol": "tcp",
                            "listener.173310262.lb_port": "1041",
                            "listener.173310262.lb_protocol": "tcp",
                            "listener.173310262.ssl_certificate_id": "",
                            "listener.1759559529.instance_port": "1038",
                            "listener.1759559529.instance_protocol": "tcp",
                            "listener.1759559529.lb_port": "1038",
                            "listener.1759559529.lb_protocol": "tcp",
                            "listener.1759559529.ssl_certificate_id": "",
                            "listener.1765390426.instance_port": "1054",
                            "listener.1765390426.instance_protocol": "tcp",
                            "listener.1765390426.lb_port": "1054",
                            "listener.1765390426.lb_protocol": "tcp",
                            "listener.1765390426.ssl_certificate_id": "",
                            "listener.1850583528.instance_port": "1115",
                            "listener.1850583528.instance_protocol": "tcp",
                            "listener.1850583528.lb_port": "1115",
                            "listener.1850583528.lb_protocol": "tcp",
                            "listener.1850583528.ssl_certificate_id": "",
                            "listener.1897469493.instance_port": "1057",
                            "listener.1897469493.instance_protocol": "tcp",
                            "listener.1897469493.lb_port": "1057",
                            "listener.1897469493.lb_protocol": "tcp",
                            "listener.1897469493.ssl_certificate_id": "",
                            "listener.1986856839.instance_port": "1116",
                            "listener.1986856839.instance_protocol": "tcp",
                            "listener.1986856839.lb_port": "1116",
                            "listener.1986856839.lb_protocol": "tcp",
                            "listener.1986856839.ssl_certificate_id": "",
                            "listener.2030472208.instance_port": "1056",
                            "listener.2030472208.instance_protocol": "tcp",
                            "listener.2030472208.lb_port": "1056",
                            "listener.2030472208.lb_protocol": "tcp",
                            "listener.2030472208.ssl_certificate_id": "",
                            "listener.2121440674.instance_port": "1117",
                            "listener.2121440674.instance_protocol": "tcp",
                            "listener.2121440674.lb_port": "1117",
                            "listener.2121440674.lb_protocol": "tcp",
                            "listener.2121440674.ssl_certificate_id": "",
                            "listener.2147530533.instance_port": "1088",
                            "listener.2147530533.instance_protocol": "tcp",
                            "listener.2147530533.lb_port": "1088",
                            "listener.2147530533.lb_protocol": "tcp",
                            "listener.2147530533.ssl_certificate_id": "",
                            "listener.2199497041.instance_port": "1123",
                            "listener.2199497041.instance_protocol": "tcp",
                            "listener.2199497041.lb_port": "1123",
                            "listener.2199497041.lb_protocol": "tcp",
                            "listener.2199497041.ssl_certificate_id": "",
                            "listener.220237956.instance_port": "1100",
                            "listener.220237956.instance_protocol": "tcp",
                            "listener.220237956.lb_port": "1100",
                            "listener.220237956.lb_protocol": "tcp",
                            "listener.220237956.ssl_certificate_id": "",
                            "listener.2213492725.instance_port": "1091",
                            "listener.2213492725.instance_protocol": "tcp",
                            "listener.2213492725.lb_port": "1091",
                            "listener.2213492725.lb_protocol": "tcp",
                            "listener.2213492725.ssl_certificate_id": "",
                            "listener.2221783267.instance_port": "1062",
                            "listener.2221783267.instance_protocol": "tcp",
                            "listener.2221783267.lb_port": "1062",
                            "listener.2221783267.lb_protocol": "tcp",
                            "listener.2221783267.ssl_certificate_id": "",
                            "listener.2283744512.instance_port": "1089",
                            "listener.2283744512.instance_protocol": "tcp",
                            "listener.2283744512.lb_port": "1089",
                            "listener.2283744512.lb_protocol": "tcp",
                            "listener.2283744512.ssl_certificate_id": "",
                            "listener.2332439412.instance_port": "1122",
                            "listener.2332439412.instance_protocol": "tcp",
                            "listener.2332439412.lb_port": "1122",
                            "listener.2332439412.lb_protocol": "tcp",
                            "listener.2332439412.ssl_certificate_id": "",
                            "listener.2347806160.instance_port": "1090",
                            "listener.2347806160.instance_protocol": "tcp",
                            "listener.2347806160.lb_port": "1090",
                            "listener.2347806160.lb_protocol": "tcp",
                            "listener.2347806160.ssl_certificate_id": "",
                            "listener.2356290246.instance_port": "1063",
                            "listener.2356290246.instance_protocol": "tcp",
                            "listener.2356290246.lb_port": "1063",
                            "listener.2356290246.lb_protocol": "tcp",
                            "listener.2356290246.ssl_certificate_id": "",
                            "listener.2468781339.instance_port": "1121",
                            "listener.2468781339.instance_protocol": "tcp",
                            "listener.2468781339.lb_port": "1121",
                            "listener.2468781339.lb_protocol": "tcp",
                            "listener.2468781339.ssl_certificate_id": "",
                            "listener.2479883199.instance_port": "1093",
                            "listener.2479883199.instance_protocol": "tcp",
                            "listener.2479883199.lb_port": "1093",
                            "listener.2479883199.lb_protocol": "tcp",
                            "listener.2479883199.ssl_certificate_id": "",
                            "listener.248451156.instance_port": "1119",
                            "listener.248451156.instance_protocol": "tcp",
                            "listener.248451156.lb_port": "1119",
                            "listener.248451156.lb_protocol": "tcp",
                            "listener.248451156.ssl_certificate_id": "",
                            "listener.2488437929.instance_port": "1060",
                            "listener.2488437929.instance_protocol": "tcp",
                            "listener.2488437929.lb_port": "1060",
                            "listener.2488437929.lb_protocol": "tcp",
                            "listener.2488437929.ssl_certificate_id": "",
                            "listener.2545749113.instance_port": "1079",
                            "listener.2545749113.instance_protocol": "tcp",
                            "listener.2545749113.lb_port": "1079",
                            "listener.2545749113.lb_protocol": "tcp",
                            "listener.2545749113.ssl_certificate_id": "",
                            "listener.2604205886.instance_port": "1120",
                            "listener.2604205886.instance_protocol": "tcp",
                            "listener.2604205886.lb_port": "1120",
                            "listener.2604205886.lb_protocol": "tcp",
                            "listener.2604205886.ssl_certificate_id": "",
                            "listener.2614073754.instance_port": "1092",
                            "listener.2614073754.instance_protocol": "tcp",
                            "listener.2614073754.lb_port": "1092",
                            "listener.2614073754.lb_protocol": "tcp",
                            "listener.2614073754.ssl_certificate_id": "",
                            "listener.2622297740.instance_port": "1061",
                            "listener.2622297740.instance_protocol": "tcp",
                            "listener.2622297740.lb_port": "1061",
                            "listener.2622297740.lb_protocol": "tcp",
                            "listener.2622297740.ssl_certificate_id": "",
                            "listener.2678232668.instance_port": "1078",
                            "listener.2678232668.instance_protocol": "tcp",
                            "listener.2678232668.lb_port": "1078",
                            "listener.2678232668.lb_protocol": "tcp",
                            "listener.2678232668.ssl_certificate_id": "",
                            "listener.272804026.instance_port": "1037",
                            "listener.272804026.instance_protocol": "tcp",
                            "listener.272804026.lb_port": "1037",
                            "listener.272804026.lb_protocol": "tcp",
                            "listener.272804026.ssl_certificate_id": "",
                            "listener.2744213345.instance_port": "1095",
                            "listener.2744213345.instance_protocol": "tcp",
                            "listener.2744213345.lb_port": "1095",
                            "listener.2744213345.lb_protocol": "tcp",
                            "listener.2744213345.ssl_certificate_id": "",
                            "listener.2752761975.instance_port": "1066",
                            "listener.2752761975.instance_protocol": "tcp",
                            "listener.2752761975.lb_port": "1066",
                            "listener.2752761975.lb_protocol": "tcp",
                            "listener.2752761975.ssl_certificate_id": "",
                            "listener.27564995.instance_port": "1059",
                            "listener.27564995.instance_protocol": "tcp",
                            "listener.27564995.lb_port": "1059",
                            "listener.27564995.lb_protocol": "tcp",
                            "listener.27564995.ssl_certificate_id": "",
                            "listener.2878260548.instance_port": "1094",
                            "listener.2878260548.instance_protocol": "tcp",
                            "listener.2878260548.lb_port": "1094",
                            "listener.2878260548.lb_protocol": "tcp",
                            "listener.2878260548.ssl_certificate_id": "",
                            "listener.2886486610.instance_port": "1067",
                            "listener.2886486610.instance_protocol": "tcp",
                            "listener.2886486610.lb_port": "1067",
                            "listener.2886486610.lb_protocol": "tcp",
                            "listener.2886486610.ssl_certificate_id": "",
                            "listener.3014552363.instance_port": "1097",
                            "listener.3014552363.instance_protocol": "tcp",
                            "listener.3014552363.lb_port": "1097",
                            "listener.3014552363.lb_protocol": "tcp",
                            "listener.3014552363.ssl_certificate_id": "",
                            "listener.3022840893.instance_port": "1064",
                            "listener.3022840893.instance_protocol": "tcp",
                            "listener.3022840893.lb_port": "1064",
                            "listener.3022840893.lb_protocol": "tcp",
                            "listener.3022840893.ssl_certificate_id": "",
                            "listener.309604185.instance_port": "1042",
                            "listener.309604185.instance_protocol": "tcp",
                            "listener.309604185.lb_port": "1042",
                            "listener.309604185.lb_protocol": "tcp",
                            "listener.309604185.ssl_certificate_id": "",
                            "listener.3149000974.instance_port": "1096",
                            "listener.3149000974.instance_protocol": "tcp",
                            "listener.3149000974.lb_port": "1096",
                            "listener.3149000974.lb_protocol": "tcp",
                            "listener.3149000974.ssl_certificate_id": "",
                            "listener.3157491224.instance_port": "1065",
                            "listener.3157491224.instance_protocol": "tcp",
                            "listener.3157491224.lb_port": "1065",
                            "listener.3157491224.lb_protocol": "tcp",
                            "listener.3157491224.ssl_certificate_id": "",
                            "listener.3237766669.instance_port": "1080",
                            "listener.3237766669.instance_protocol": "tcp",
                            "listener.3237766669.lb_port": "1080",
                            "listener.3237766669.lb_protocol": "tcp",
                            "listener.3237766669.ssl_certificate_id": "",
                            "listener.3272861405.instance_port": "1099",
                            "listener.3272861405.instance_protocol": "tcp",
                            "listener.3272861405.lb_port": "1099",
                            "listener.3272861405.lb_protocol": "tcp",
                            "listener.3272861405.ssl_certificate_id": "",
                            "listener.3346983195.instance_port": "1073",
                            "listener.3346983195.instance_protocol": "tcp",
                            "listener.3346983195.lb_port": "1073",
                            "listener.3346983195.lb_protocol": "tcp",
                            "listener.3346983195.ssl_certificate_id": "",
                            "listener.3370384424.instance_port": "1081",
                            "listener.3370384424.instance_protocol": "tcp",
                            "listener.3370384424.lb_port": "1081",
                            "listener.3370384424.lb_protocol": "tcp",
                            "listener.3370384424.ssl_certificate_id": "",
                            "listener.3406593272.instance_port": "1098",
                            "listener.3406593272.instance_protocol": "tcp",
                            "listener.3406593272.lb_port": "1098",
                            "listener.3406593272.lb_protocol": "tcp",
                            "listener.3406593272.ssl_certificate_id": "",
                            "listener.3479270206.instance_port": "1072",
                            "listener.3479270206.instance_protocol": "tcp",
                            "listener.3479270206.lb_port": "1072",
                            "listener.3479270206.lb_protocol": "tcp",
                            "listener.3479270206.ssl_certificate_id": "",
                            "listener.3502461511.instance_port": "1082",
                            "listener.3502461511.instance_protocol": "tcp",
                            "listener.3502461511.lb_port": "1082",
                            "listener.3502461511.lb_protocol": "tcp",
                            "listener.3502461511.ssl_certificate_id": "",
                            "listener.352337643.instance_port": "1103",
                            "listener.352337643.instance_protocol": "tcp",
                            "listener.352337643.lb_port": "1103",
                            "listener.352337643.lb_protocol": "tcp",
                            "listener.352337643.ssl_certificate_id": "",
                            "listener.3568196993.instance_port": "1068",
                            "listener.3568196993.instance_protocol": "tcp",
                            "listener.3568196993.lb_port": "1068",
                            "listener.3568196993.lb_protocol": "tcp",
                            "listener.3568196993.ssl_certificate_id": "",
                            "listener.3611417937.instance_port": "1071",
                            "listener.3611417937.instance_protocol": "tcp",
                            "listener.3611417937.lb_port": "1071",
                            "listener.3611417937.lb_protocol": "tcp",
                            "listener.3611417937.ssl_certificate_id": "",
                            "listener.3638347874.instance_port": "1083",
                            "listener.3638347874.instance_protocol": "tcp",
                            "listener.3638347874.lb_port": "1083",
                            "listener.3638347874.lb_protocol": "tcp",
                            "listener.3638347874.ssl_certificate_id": "",
                            "listener.3702638500.instance_port": "1069",
                            "listener.3702638500.instance_protocol": "tcp",
                            "listener.3702638500.lb_port": "1069",
                            "listener.3702638500.lb_protocol": "tcp",
                            "listener.3702638500.ssl_certificate_id": "",
                            "listener.3747497844.instance_port": "1070",
                            "listener.3747497844.instance_protocol": "tcp",
                            "listener.3747497844.lb_port": "1070",
                            "listener.3747497844.lb_protocol": "tcp",
                            "listener.3747497844.ssl_certificate_id": "",
                            "listener.3766619801.instance_port": "1084",
                            "listener.3766619801.instance_protocol": "tcp",
                            "listener.3766619801.lb_port": "1084",
                            "listener.3766619801.lb_protocol": "tcp",
                            "listener.3766619801.ssl_certificate_id": "",
                            "listener.38476563.instance_port": "1040",
                            "listener.38476563.instance_protocol": "tcp",
                            "listener.38476563.lb_port": "1040",
                            "listener.38476563.lb_protocol": "tcp",
                            "listener.38476563.ssl_certificate_id": "",
                            "listener.3875570063.instance_port": "1077",
                            "listener.3875570063.instance_protocol": "tcp",
                            "listener.3875570063.lb_port": "1077",
                            "listener.3875570063.lb_protocol": "tcp",
                            "listener.3875570063.ssl_certificate_id": "",
                            "listener.3902641340.instance_port": "1085",
                            "listener.3902641340.instance_protocol": "tcp",
                            "listener.3902641340.lb_port": "1085",
                            "listener.3902641340.lb_protocol": "tcp",
                            "listener.3902641340.ssl_certificate_id": "",
                            "listener.4011793322.instance_port": "1076",
                            "listener.4011793322.instance_protocol": "tcp",
                            "listener.4011793322.lb_port": "1076",
                            "listener.4011793322.lb_protocol": "tcp",
                            "listener.4011793322.ssl_certificate_id": "",
                            "listener.4038933203.instance_port": "1086",
                            "listener.4038933203.instance_protocol": "tcp",
                            "listener.4038933203.lb_port": "1086",
                            "listener.4038933203.lb_protocol": "tcp",
                            "listener.4038933203.ssl_certificate_id": "",
                            "listener.408760991.instance_port": "1036",
                            "listener.408760991.instance_protocol": "tcp",
                            "listener.408760991.lb_port": "1036",
                            "listener.408760991.lb_protocol": "tcp",
                            "listener.408760991.ssl_certificate_id": "",
                            "listener.4148147653.instance_port": "1075",
                            "listener.4148147653.instance_protocol": "tcp",
                            "listener.4148147653.lb_port": "1075",
                            "listener.4148147653.lb_protocol": "tcp",
                            "listener.4148147653.ssl_certificate_id": "",
                            "listener.4171407606.instance_port": "1087",
                            "listener.4171407606.instance_protocol": "tcp",
                            "listener.4171407606.lb_port": "1087",
                            "listener.4171407606.lb_protocol": "tcp",
                            "listener.4171407606.ssl_certificate_id": "",
                            "listener.4280299488.instance_port": "1074",
                            "listener.4280299488.instance_protocol": "tcp",
                            "listener.4280299488.lb_port": "1074",
                            "listener.4280299488.lb_protocol": "tcp",
                            "listener.4280299488.ssl_certificate_id": "",
                            "listener.443266428.instance_port": "1043",
                            "listener.443266428.instance_protocol": "tcp",
                            "listener.443266428.lb_port": "1043",
                            "listener.443266428.lb_protocol": "tcp",
                            "listener.443266428.ssl_certificate_id": "",
                            "listener.488613070.instance_port": "1102",
                            "listener.488613070.instance_protocol": "tcp",
                            "listener.488613070.lb_port": "1102",
                            "listener.488613070.lb_protocol": "tcp",
                            "listener.488613070.ssl_certificate_id": "",
                            "listener.537130084.instance_port": "1031",
                            "listener.537130084.instance_protocol": "tcp",
                            "listener.537130084.lb_port": "1031",
                            "listener.537130084.lb_protocol": "tcp",
                            "listener.537130084.ssl_certificate_id": "",
                            "listener.573928327.instance_port": "1044",
                            "listener.573928327.instance_protocol": "tcp",
                            "listener.573928327.lb_port": "1044",
                            "listener.573928327.lb_protocol": "tcp",
                            "listener.573928327.ssl_certificate_id": "",
                            "listener.602698932.instance_port": "1028",
                            "listener.602698932.instance_protocol": "tcp",
                            "listener.602698932.lb_port": "1028",
                            "listener.602698932.lb_protocol": "tcp",
                            "listener.602698932.ssl_certificate_id": "",
                            "listener.625041973.instance_port": "1105",
                            "listener.625041973.instance_protocol": "tcp",
                            "listener.625041973.lb_port": "1105",
                            "listener.625041973.lb_protocol": "tcp",
                            "listener.625041973.ssl_certificate_id": "",
                            "listener.672951873.instance_port": "1030",
                            "listener.672951873.instance_protocol": "tcp",
                            "listener.672951873.lb_port": "1030",
                            "listener.672951873.lb_protocol": "tcp",
                            "listener.672951873.ssl_certificate_id": "",
                            "listener.707455394.instance_port": "1045",
                            "listener.707455394.instance_protocol": "tcp",
                            "listener.707455394.lb_port": "1045",
                            "listener.707455394.lb_protocol": "tcp",
                            "listener.707455394.ssl_certificate_id": "",
                            "listener.737406609.instance_port": "1029",
                            "listener.737406609.instance_protocol": "tcp",
                            "listener.737406609.lb_port": "1029",
                            "listener.737406609.lb_protocol": "tcp",
                            "listener.737406609.ssl_certificate_id": "",
                            "listener.761198608.instance_port": "1104",
                            "listener.761198608.instance_protocol": "tcp",
                            "listener.761198608.lb_port": "1104",
                            "listener.761198608.lb_protocol": "tcp",
                            "listener.761198608.ssl_certificate_id": "",
                            "listener.809287726.instance_port": "1033",
                            "listener.809287726.instance_protocol": "tcp",
                            "listener.809287726.lb_port": "1033",
                            "listener.809287726.lb_protocol": "tcp",
                            "listener.809287726.ssl_certificate_id": "",
                            "listener.8232176.instance_port": "1035",
                            "listener.8232176.instance_protocol": "tcp",
                            "listener.8232176.lb_port": "1035",
                            "listener.8232176.lb_protocol": "tcp",
                            "listener.8232176.ssl_certificate_id": "",
                            "listener.839534541.instance_port": "1046",
                            "listener.839534541.instance_protocol": "tcp",
                            "listener.839534541.lb_port": "1046",
                            "listener.839534541.lb_protocol": "tcp",
                            "listener.839534541.ssl_certificate_id": "",
                            "listener.88017569.instance_port": "1101",
                            "listener.88017569.instance_protocol": "tcp",
                            "listener.88017569.lb_port": "1101",
                            "listener.88017569.lb_protocol": "tcp",
                            "listener.88017569.ssl_certificate_id": "",
                            "listener.897472127.instance_port": "1107",
                            "listener.897472127.instance_protocol": "tcp",
                            "listener.897472127.lb_port": "1107",
                            "listener.897472127.lb_protocol": "tcp",
                            "listener.897472127.ssl_certificate_id": "",
                            "listener.941840907.instance_port": "1032",
                            "listener.941840907.instance_protocol": "tcp",
                            "listener.941840907.lb_port": "1032",
                            "listener.941840907.lb_protocol": "tcp",
                            "listener.941840907.ssl_certificate_id": "",
                            "listener.974511592.instance_port": "1047",
                            "listener.974511592.instance_protocol": "tcp",
                            "listener.974511592.lb_port": "1047",
                            "listener.974511592.lb_protocol": "tcp",
                            "listener.974511592.ssl_certificate_id": "",
                            "name": "bbl-env-ur-57f6c24-cf-tcp-lb",
                            "security_groups.#": "1",
                            "security_groups.1280775300": "sg-55417b1c",
                            "source_security_group": "722216819315/bbl-env-urmia-2018-04-30t03-16z-cf-tcp-lb-security-group",
                            "source_security_group_id": "sg-55417b1c",
                            "subnets.#": "6",
                            "subnets.2033874778": "subnet-78848b47",
                            "subnets.2385323625": "subnet-24f21f78",
                            "subnets.261695914": "subnet-ff06e9d1",
                            "subnets.296936808": "subnet-f826da9f",
                            "subnets.3232041275": "subnet-f70f89f8",
                            "subnets.473908627": "subnet-bc9e2ff6",
                            "tags.%": "0",
                            "zone_id": "Z35SXDOTRQ7X7K"
                        },
                        "meta": {},
                        "tainted": false
                    },
                    "deposed": [],
                    "provider": "provider.aws"
                },
                "aws_flow_log.bbl": {
                    "type": "aws_flow_log",
                    "depends_on": [
                        "aws_cloudwatch_log_group.bbl",
                        "aws_iam_role.flow_logs",
                        "local.vpc_id"
                    ],
                    "primary": {
                        "id": "fl-a69254cf",
                        "attributes": {
                            "iam_role_arn": "arn:aws:iam::722216819315:role/bbl-env-urmia-2018-04-30t03-16z-flow-logs-role",
                            "id": "fl-a69254cf",
                            "log_group_name": "bbl-env-ur-57f6c24-log-group20180430042821930700000001",
                            "traffic_type": "REJECT",
                            "vpc_id": "vpc-ce3364b5"
                        },
                        "meta": {},
                        "tainted": false
                    },
                    "deposed": [],
                    "provider": "provider.aws"
                },
                "aws_iam_instance_profile.bosh": {
                    "type": "aws_iam_instance_profile",
                    "depends_on": [
                        "aws_iam_role.bosh",
                        "local.iamProfileProvided"
                    ],
                    "primary": {
                        "id": "bbl-env-urmia-2018-04-30t03-16z-bosh",
                        "attributes": {
                            "arn": "arn:aws:iam::722216819315:instance-profile/bbl-env-urmia-2018-04-30t03-16z-bosh",
                            "id": "bbl-env-urmia-2018-04-30t03-16z-bosh",
                            "name": "bbl-env-urmia-2018-04-30t03-16z-bosh",
                            "path": "/",
                            "role": "bbl-env-urmia-2018-04-30t03-16z_bosh_role",
                            "roles.#": "0",
                            "unique_id": "AIPAJTNLCWSODEIND5RVO"
                        },
                        "meta": {},
                        "tainted": false
                    },
                    "deposed": [],
                    "provider": "provider.aws"
                },
                "aws_iam_policy.bosh": {
                    "type": "aws_iam_policy",
                    "depends_on": [
                        "local.iamProfileProvided"
                    ],
                    "primary": {
                        "id": "arn:aws:iam::722216819315:policy/bbl-env-urmia-2018-04-30t03-16z_bosh_policy",
                        "attributes": {
                            "arn": "arn:aws:iam::722216819315:policy/bbl-env-urmia-2018-04-30t03-16z_bosh_policy",
                            "id": "arn:aws:iam::722216819315:policy/bbl-env-urmia-2018-04-30t03-16z_bosh_policy",
                            "name": "bbl-env-urmia-2018-04-30t03-16z_bosh_policy",
                            "path": "/",
                            "policy": "{\n  \"Version\": \"2012-10-17\",\n  \"Statement\": [\n    {\n      \"Action\": [\n        \"ec2:AssociateAddress\",\n        \"ec2:AttachVolume\",\n        \"ec2:CopyImage\",\n        \"ec2:CreateVolume\",\n        \"ec2:DeleteSnapshot\",\n        \"ec2:DeleteVolume\",\n        \"ec2:DescribeAddresses\",\n        \"ec2:DescribeAvailabilityZones\",\n        \"ec2:DescribeImages\",\n        \"ec2:DescribeInstances\",\n        \"ec2:DescribeRegions\",\n        \"ec2:DescribeSecurityGroups\",\n        \"ec2:DescribeSnapshots\",\n        \"ec2:DescribeSubnets\",\n        \"ec2:DescribeVolumes\",\n        \"ec2:DetachVolume\",\n        \"ec2:CreateSnapshot\",\n        \"ec2:CreateTags\",\n        \"ec2:ModifyInstanceAttribute\",\n        \"ec2:RunInstances\",\n        \"ec2:TerminateInstances\",\n        \"ec2:RegisterImage\",\n        \"ec2:DeregisterImage\",\n        \"ec2:CancelSpotInstanceRequests\",\n        \"ec2:DescribeSpotInstanceRequests\",\n        \"ec2:RequestSpotInstances\",\n        \"ec2:CreateRoute\",\n        \"ec2:DescribeRouteTables\",\n        \"ec2:ReplaceRoute\"\n\t  ],\n\t  \"Effect\": \"Allow\",\n\t  \"Resource\": \"*\"\n    },\n\t{\n\t  \"Action\": [\n\t    \"iam:PassRole\"\n\t  ],\n\t  \"Effect\": \"Allow\",\n\t  \"Resource\": \"*\"\n\t},\n\t{\n\t  \"Action\": [\n\t    \"elasticloadbalancing:*\"\n\t  ],\n\t  \"Effect\": \"Allow\",\n\t  \"Resource\": \"*\"\n\t},\n        {\n            \"Effect\": \"Allow\",\n            \"Action\": [\n                \"kms:ReEncrypt*\",\n                \"kms:GenerateDataKey*\",\n                \"kms:CreateGrant\",\n                \"kms:DescribeKey*\"\n            ],\n            \"Resource\": [\n                \"*\"\n            ]\n        }\n  ]\n}\n"
                        },
                        "meta": {},
                        "tainted": false
                    },
                    "deposed": [],
                    "provider": "provider.aws"
                },
                "aws_iam_role.bosh": {
                    "type": "aws_iam_role",
                    "depends_on": [
                        "local.iamProfileProvided"
                    ],
                    "primary": {
                        "id": "bbl-env-urmia-2018-04-30t03-16z_bosh_role",
                        "attributes": {
                            "arn": "arn:aws:iam::722216819315:role/bbl-env-urmia-2018-04-30t03-16z_bosh_role",
                            "assume_role_policy": "{\"Version\":\"2012-10-17\",\"Statement\":[{\"Sid\":\"\",\"Effect\":\"Allow\",\"Principal\":{\"Service\":\"ec2.amazonaws.com\"},\"Action\":\"sts:AssumeRole\"}]}",
                            "create_date": "2018-04-30T04:28:23Z",
                            "force_detach_policies": "false",
                            "id": "bbl-env-urmia-2018-04-30t03-16z_bosh_role",
                            "max_session_duration": "3600",
                            "name": "bbl-env-urmia-2018-04-30t03-16z_bosh_role",
                            "path": "/",
                            "unique_id": "AROAJAB7FOWVIWLWDM2G4"
                        },
                        "meta": {},
                        "tainted": false
                    },
                    "deposed": [],
                    "provider": "provider.aws"
                },
                "aws_iam_role.flow_logs": {
                    "type": "aws_iam_role",
                    "depends_on": [],
                    "primary": {
                        "id": "bbl-env-urmia-2018-04-30t03-16z-flow-logs-role",
                        "attributes": {
                            "arn": "arn:aws:iam::722216819315:role/bbl-env-urmia-2018-04-30t03-16z-flow-logs-role",
                            "assume_role_policy": "{\"Version\":\"2012-10-17\",\"Statement\":[{\"Sid\":\"\",\"Effect\":\"Allow\",\"Principal\":{\"Service\":\"vpc-flow-logs.amazonaws.com\"},\"Action\":\"sts:AssumeRole\"}]}",
                            "create_date": "2018-04-30T04:28:23Z",
                            "force_detach_policies": "false",
                            "id": "bbl-env-urmia-2018-04-30t03-16z-flow-logs-role",
                            "max_session_duration": "3600",
                            "name": "bbl-env-urmia-2018-04-30t03-16z-flow-logs-role",
                            "path": "/",
                            "unique_id": "AROAIDAAYWHRXXWP2AAF2"
                        },
                        "meta": {},
                        "tainted": false
                    },
                    "deposed": [],
                    "provider": "provider.aws"
                },
                "aws_iam_role_policy.flow_logs": {
                    "type": "aws_iam_role_policy",
                    "depends_on": [
                        "aws_iam_role.flow_logs"
                    ],
                    "primary": {
                        "id": "bbl-env-urmia-2018-04-30t03-16z-flow-logs-role:bbl-env-urmia-2018-04-30t03-16z-flow-logs-policy",
                        "attributes": {
                            "id": "bbl-env-urmia-2018-04-30t03-16z-flow-logs-role:bbl-env-urmia-2018-04-30t03-16z-flow-logs-policy",
                            "name": "bbl-env-urmia-2018-04-30t03-16z-flow-logs-policy",
                            "policy": "{\n  \"Version\": \"2012-10-17\",\n  \"Statement\": [\n    {\n      \"Action\": [\n        \"logs:CreateLogGroup\",\n        \"logs:CreateLogStream\",\n        \"logs:PutLogEvents\",\n        \"logs:DescribeLogGroups\",\n        \"logs:DescribeLogStreams\"\n      ],\n      \"Effect\": \"Allow\",\n      \"Resource\": \"*\"\n    }\n  ]\n}\n",
                            "role": "bbl-env-urmia-2018-04-30t03-16z-flow-logs-role"
                        },
                        "meta": {},
                        "tainted": false
                    },
                    "deposed": [],
                    "provider": "provider.aws"
                },
                "aws_iam_role_policy_attachment.bosh": {
                    "type": "aws_iam_role_policy_attachment",
                    "depends_on": [
                        "aws_iam_policy.bosh",
                        "local.iamProfileProvided"
                    ],
                    "primary": {
                        "id": "bbl-env-urmia-2018-04-30t03-16z_bosh_role-20180430042822741600000003",
                        "attributes": {
                            "id": "bbl-env-urmia-2018-04-30t03-16z_bosh_role-20180430042822741600000003",
                            "policy_arn": "arn:aws:iam::722216819315:policy/bbl-env-urmia-2018-04-30t03-16z_bosh_policy",
                            "role": "bbl-env-urmia-2018-04-30t03-16z_bosh_role"
                        },
                        "meta": {},
                        "tainted": false
                    },
                    "deposed": [],
                    "provider": "provider.aws"
                },
                "aws_iam_server_certificate.lb_cert": {
                    "type": "aws_iam_server_certificate",
                    "depends_on": [],
                    "primary": {
                        "id": "ASCAI22GG5PWSTVI7LSBC",
                        "attributes": {
                            "arn": "arn:aws:iam::722216819315:server-certificate/bbl-env-ur-57f6c2420180430042821931200000002",
                            "certificate_body": "32054c5b6182b1c6979bedfe15e45116b7cc6aff",
                            "certificate_chain": "da39a3ee5e6b4b0d3255bfef95601890afd80709",
                            "id": "ASCAI22GG5PWSTVI7LSBC",
                            "name": "bbl-env-ur-57f6c2420180430042821931200000002",
                            "name_prefix": "bbl-env-ur-57f6c24",
                            "path": "/",
                            "private_key": "d4a400719fd09690090d87c39cc614ee2a41e16c"
                        },
                        "meta": {},
                        "tainted": false
                    },
                    "deposed": [],
                    "provider": "provider.aws"
                },
                "aws_instance.nat": {
                    "type": "aws_instance",
                    "depends_on": [
                        "aws_security_group.nat_security_group",
                        "aws_subnet.bosh_subnet"
                    ],
                    "primary": {
                        "id": "i-09339696bdd0ef643",
                        "attributes": {
                            "ami": "ami-d4c5efc2",
                            "associate_public_ip_address": "false",
                            "availability_zone": "us-east-1d",
                            "credit_specification.#": "1",
                            "credit_specification.0.cpu_credits": "standard",
                            "disable_api_termination": "false",
                            "ebs_block_device.#": "0",
                            "ebs_optimized": "false",
                            "ephemeral_block_device.#": "0",
                            "get_password_data": "false",
                            "iam_instance_profile": "",
                            "id": "i-09339696bdd0ef643",
                            "instance_state": "running",
                            "instance_type": "t2.medium",
                            "ipv6_addresses.#": "0",
                            "key_name": "",
                            "monitoring": "false",
                            "network_interface.#": "0",
                            "network_interface_id": "eni-9e59210b",
                            "password_data": "",
                            "placement_group": "",
                            "primary_network_interface_id": "eni-9e59210b",
                            "private_dns": "ip-10-0-0-7.ec2.internal",
                            "private_ip": "10.0.0.7",
                            "public_dns": "",
                            "public_ip": "",
                            "root_block_device.#": "1",
                            "root_block_device.0.delete_on_termination": "true",
                            "root_block_device.0.iops": "0",
                            "root_block_device.0.volume_id": "vol-0a367cf6e42a234f2",
                            "root_block_device.0.volume_size": "8",
                            "root_block_device.0.volume_type": "standard",
                            "security_groups.#": "0",
                            "source_dest_check": "false",
                            "subnet_id": "subnet-dd31def3",
                            "tags.%": "2",
                            "tags.EnvID": "bbl-env-urmia-2018-04-30t03-16z",
                            "tags.Name": "bbl-env-urmia-2018-04-30t03-16z-nat",
                            "tenancy": "default",
                            "volume_tags.%": "0",
                            "vpc_security_group_ids.#": "1",
                            "vpc_security_group_ids.3459393022": "sg-a3417bea"
                        },
                        "meta": {
                            "e2bfb730-ecaa-11e6-8f88-34363bc7c4c0": {
                                "create": 600000000000,
                                "delete": 1200000000000,
                                "update": 600000000000
                            },
                            "schema_version": "1"
                        },
                        "tainted": false
                    },
                    "deposed": [],
                    "provider": "provider.aws"
                },
                "aws_internet_gateway.ig": {
                    "type": "aws_internet_gateway",
                    "depends_on": [
                        "local.vpc_id"
                    ],
                    "primary": {
                        "id": "igw-4545203d",
                        "attributes": {
                            "id": "igw-4545203d",
                            "vpc_id": "vpc-ce3364b5"
                        },
                        "meta": {},
                        "tainted": false
                    },
                    "deposed": [],
                    "provider": "provider.aws"
                },
                "aws_key_pair.bosh_vms": {
                    "type": "aws_key_pair",
                    "depends_on": [
                        "tls_private_key.bosh_vms"
                    ],
                    "primary": {
                        "id": "bbl-env-urmia-2018-04-30t03-16z_bosh_vms",
                        "attributes": {
                            "id": "bbl-env-urmia-2018-04-30t03-16z_bosh_vms",
                            "key_name": "bbl-env-urmia-2018-04-30t03-16z_bosh_vms",
                            "public_key": "ssh-rsa AAAAB3NzaC1yc2EAAAADAQABAAACAQDjpz8c5fmvKLnfv50A5x35jlZ+Grxr0vXke+1rnCHWXJCHwUEC7gKKQBQijpZxopM40GwTvm5ai6iE0KWsgt221eFbmAnyYb4ff6HrVM5ml6+LWXNX9/X+u0qax7rIJyCOoUU5431lbfWZWw6DKHcicO7mxpc/mML09fqLjhGUAF6fwfnVn0QQf0aTdMFiYiC27zxUqJN7OQpoKspUMRQ4MgsKLOS/suJLoIZVMwaPwDYnV3+HifxLurz6EscHF8qR0KwJta1gyw0YcosvBlHOifFFaXvVsHGVTm6st6t5U8X2I1zN7gmfoaG6aEJltVgsbidluN212Zax4ahfvrlJ1FGQsWFi/yjd2FSd6f5t+MCI7O00/+PSVJqiZoE5H6wehz1T4aSy880Gxujoa9aisT8N1g9KjGkQ4+Udswct0mngPX1KfYZHmOch0ECThcU8SAyzMPv0GKzXR/M0lw9G9VLo6zssnoG6XTcO5BcUfVxozVp2NBXY1ngR4g8C/kf00sYi77V+s5DUFgRcjzcemU6Y3EDcYP/kkQvhUVffBOqjv6vrRJ3RlgRawUMerXD9vPytaqiUloKm2blZPFP6sKViNw0ihF5iZD2BjtDnoA3ArSUyZ5HcoAjiXtAu8hDuWS2EgitsSuoYCN6b9IRwnCI0rR+tE6WF/zzPNwgq3Q=="
                        },
                        "meta": {
                            "schema_version": "1"
                        },
                        "tainted": false
                    },
                    "deposed": [],
                    "provider": "provider.aws"
                },
                "aws_kms_key.kms_key": {
                    "type": "aws_kms_key",
                    "depends_on": [],
                    "primary": {
                        "id": "8e8b6939-4790-434c-840c-59088da1d830",
                        "attributes": {
                            "arn": "arn:aws:kms:us-east-1:722216819315:key/8e8b6939-4790-434c-840c-59088da1d830",
                            "description": "",
                            "enable_key_rotation": "true",
                            "id": "8e8b6939-4790-434c-840c-59088da1d830",
                            "is_enabled": "true",
                            "key_id": "8e8b6939-4790-434c-840c-59088da1d830",
                            "key_usage": "ENCRYPT_DECRYPT",
                            "policy": "{\"Id\":\"key-default-1\",\"Statement\":[{\"Action\":\"kms:*\",\"Effect\":\"Allow\",\"Principal\":{\"AWS\":\"arn:aws:iam::722216819315:root\"},\"Resource\":\"*\",\"Sid\":\"Enable IAM User Permissions\"}],\"Version\":\"2012-10-17\"}",
                            "tags.%": "0"
                        },
                        "meta": {},
                        "tainted": false
                    },
                    "deposed": [],
                    "provider": "provider.aws"
                },
                "aws_route.bosh_route_table": {
                    "type": "aws_route",
                    "depends_on": [
                        "aws_internet_gateway.ig",
                        "aws_route_table.bosh_route_table"
                    ],
                    "primary": {
                        "id": "r-rtb-fdeedc811080289494",
                        "attributes": {
                            "destination_cidr_block": "0.0.0.0/0",
                            "destination_prefix_list_id": "",
                            "egress_only_gateway_id": "",
                            "gateway_id": "igw-4545203d",
                            "id": "r-rtb-fdeedc811080289494",
                            "instance_id": "",
                            "instance_owner_id": "",
                            "nat_gateway_id": "",
                            "network_interface_id": "",
                            "origin": "CreateRoute",
                            "route_table_id": "rtb-fdeedc81",
                            "state": "active",
                            "vpc_peering_connection_id": ""
                        },
                        "meta": {
                            "e2bfb730-ecaa-11e6-8f88-34363bc7c4c0": {
                                "create": 120000000000,
                                "delete": 300000000000
                            }
                        },
                        "tainted": false
                    },
                    "deposed": [],
                    "provider": "provider.aws"
                },
                "aws_route.internal_route_table": {
                    "type": "aws_route",
                    "depends_on": [
                        "aws_instance.nat",
                        "aws_route_table.internal_route_table"
                    ],
                    "primary": {
                        "id": "r-rtb-b2ecdece1080289494",
                        "attributes": {
                            "destination_cidr_block": "0.0.0.0/0",
                            "destination_prefix_list_id": "",
                            "egress_only_gateway_id": "",
                            "gateway_id": "",
                            "id": "r-rtb-b2ecdece1080289494",
                            "instance_id": "i-09339696bdd0ef643",
                            "instance_owner_id": "722216819315",
                            "nat_gateway_id": "",
                            "network_interface_id": "eni-9e59210b",
                            "origin": "CreateRoute",
                            "route_table_id": "rtb-b2ecdece",
                            "state": "active",
                            "vpc_peering_connection_id": ""
                        },
                        "meta": {
                            "e2bfb730-ecaa-11e6-8f88-34363bc7c4c0": {
                                "create": 120000000000,
                                "delete": 300000000000
                            }
                        },
                        "tainted": false
                    },
                    "deposed": [],
                    "provider": "provider.aws"
                },
                "aws_route.lb_route_table": {
                    "type": "aws_route",
                    "depends_on": [
                        "aws_internet_gateway.ig",
                        "aws_route_table.lb_route_table"
                    ],
                    "primary": {
                        "id": "r-rtb-b9e6d4c51080289494",
                        "attributes": {
                            "destination_cidr_block": "0.0.0.0/0",
                            "destination_prefix_list_id": "",
                            "egress_only_gateway_id": "",
                            "gateway_id": "igw-4545203d",
                            "id": "r-rtb-b9e6d4c51080289494",
                            "instance_id": "",
                            "instance_owner_id": "",
                            "nat_gateway_id": "",
                            "network_interface_id": "",
                            "origin": "CreateRoute",
                            "route_table_id": "rtb-b9e6d4c5",
                            "state": "active",
                            "vpc_peering_connection_id": ""
                        },
                        "meta": {
                            "e2bfb730-ecaa-11e6-8f88-34363bc7c4c0": {
                                "create": 120000000000,
                                "delete": 300000000000
                            }
                        },
                        "tainted": false
                    },
                    "deposed": [],
                    "provider": "provider.aws"
                },
                "aws_route53_record.bosh": {
                    "type": "aws_route53_record",
                    "depends_on": [
                        "aws_eip.jumpbox_eip",
                        "aws_route53_zone.env_dns_zone"
                    ],
                    "primary": {
                        "id": "Z3RJVWBC8J6RK2_bosh.boshlite.ninja_A",
                        "attributes": {
                            "allow_overwrite": "true",
                            "fqdn": "bosh.boshlite.ninja",
                            "id": "Z3RJVWBC8J6RK2_bosh.boshlite.ninja_A",
                            "name": "bosh.boshlite.ninja",
                            "records.#": "1",
                            "records.1131935119": "35.173.109.98",
                            "ttl": "300",
                            "type": "A",
                            "zone_id": "Z3RJVWBC8J6RK2"
                        },
                        "meta": {
                            "schema_version": "2"
                        },
                        "tainted": false
                    },
                    "deposed": [],
                    "provider": "provider.aws"
                },
                "aws_route53_record.ssh": {
                    "type": "aws_route53_record",
                    "depends_on": [
                        "aws_elb.cf_ssh_lb",
                        "aws_route53_zone.env_dns_zone"
                    ],
                    "primary": {
                        "id": "Z3RJVWBC8J6RK2_ssh.boshlite.ninja_CNAME",
                        "attributes": {
                            "allow_overwrite": "true",
                            "fqdn": "ssh.boshlite.ninja",
                            "id": "Z3RJVWBC8J6RK2_ssh.boshlite.ninja_CNAME",
                            "name": "ssh.boshlite.ninja",
                            "records.#": "1",
                            "records.3008808266": "bbl-env-ur-57f6c24-cf-ssh-lb-1572124560.us-east-1.elb.amazonaws.com",
                            "ttl": "300",
                            "type": "CNAME",
                            "zone_id": "Z3RJVWBC8J6RK2"
                        },
                        "meta": {
                            "schema_version": "2"
                        },
                        "tainted": false
                    },
                    "deposed": [],
                    "provider": "provider.aws"
                },
                "aws_route53_record.tcp": {
                    "type": "aws_route53_record",
                    "depends_on": [
                        "aws_elb.cf_tcp_lb",
                        "aws_route53_zone.env_dns_zone"
                    ],
                    "primary": {
                        "id": "Z3RJVWBC8J6RK2_tcp.boshlite.ninja_CNAME",
                        "attributes": {
                            "allow_overwrite": "true",
                            "fqdn": "tcp.boshlite.ninja",
                            "id": "Z3RJVWBC8J6RK2_tcp.boshlite.ninja_CNAME",
                            "name": "tcp.boshlite.ninja",
                            "records.#": "1",
                            "records.3701040": "bbl-env-ur-57f6c24-cf-tcp-lb-1121682814.us-east-1.elb.amazonaws.com",
                            "ttl": "300",
                            "type": "CNAME",
                            "zone_id": "Z3RJVWBC8J6RK2"
                        },
                        "meta": {
                            "schema_version": "2"
                        },
                        "tainted": false
                    },
                    "deposed": [],
                    "provider": "provider.aws"
                },
                "aws_route53_record.wildcard_dns": {
                    "type": "aws_route53_record",
                    "depends_on": [
                        "aws_elb.cf_router_lb",
                        "aws_route53_zone.env_dns_zone"
                    ],
                    "primary": {
                        "id": "Z3RJVWBC8J6RK2_*.boshlite.ninja_CNAME",
                        "attributes": {
                            "allow_overwrite": "true",
                            "fqdn": "*.boshlite.ninja",
                            "id": "Z3RJVWBC8J6RK2_*.boshlite.ninja_CNAME",
                            "name": "*.boshlite.ninja",
                            "records.#": "1",
                            "records.1561820177": "bbl-env-ur-57f6c24-cf-router-lb-1276272251.us-east-1.elb.amazonaws.com",
                            "ttl": "300",
                            "type": "CNAME",
                            "zone_id": "Z3RJVWBC8J6RK2"
                        },
                        "meta": {
                            "schema_version": "2"
                        },
                        "tainted": false
                    },
                    "deposed": [],
                    "provider": "provider.aws"
                },
                "aws_route53_zone.env_dns_zone": {
                    "type": "aws_route53_zone",
                    "depends_on": [],
                    "primary": {
                        "id": "Z3RJVWBC8J6RK2",
                        "attributes": {
                            "comment": "Managed by Terraform",
                            "force_destroy": "false",
                            "id": "Z3RJVWBC8J6RK2",
                            "name": "boshlite.ninja",
                            "name_servers.#": "4",
                            "name_servers.0": "ns-1104.awsdns-10.org",
                            "name_servers.1": "ns-1936.awsdns-50.co.uk",
                            "name_servers.2": "ns-364.awsdns-45.com",
                            "name_servers.3": "ns-513.awsdns-00.net",
                            "tags.%": "1",
                            "tags.Name": "bbl-env-urmia-2018-04-30t03-16z-hosted-zone",
                            "zone_id": "Z3RJVWBC8J6RK2"
                        },
                        "meta": {},
                        "tainted": false
                    },
                    "deposed": [],
                    "provider": "provider.aws"
                },
                "aws_route_table.bosh_route_table": {
                    "type": "aws_route_table",
                    "depends_on": [
                        "local.vpc_id"
                    ],
                    "primary": {
                        "id": "rtb-fdeedc81",
                        "attributes": {
                            "id": "rtb-fdeedc81",
                            "propagating_vgws.#": "0",
                            "route.#": "0",
                            "tags.%": "0",
                            "vpc_id": "vpc-ce3364b5"
                        },
                        "meta": {},
                        "tainted": false
                    },
                    "deposed": [],
                    "provider": "provider.aws"
                },
                "aws_route_table.internal_route_table": {
                    "type": "aws_route_table",
                    "depends_on": [
                        "local.vpc_id"
                    ],
                    "primary": {
                        "id": "rtb-b2ecdece",
                        "attributes": {
                            "id": "rtb-b2ecdece",
                            "propagating_vgws.#": "0",
                            "route.#": "0",
                            "tags.%": "0",
                            "vpc_id": "vpc-ce3364b5"
                        },
                        "meta": {},
                        "tainted": false
                    },
                    "deposed": [],
                    "provider": "provider.aws"
                },
                "aws_route_table.lb_route_table": {
                    "type": "aws_route_table",
                    "depends_on": [
                        "local.vpc_id"
                    ],
                    "primary": {
                        "id": "rtb-b9e6d4c5",
                        "attributes": {
                            "id": "rtb-b9e6d4c5",
                            "propagating_vgws.#": "0",
                            "route.#": "0",
                            "tags.%": "0",
                            "vpc_id": "vpc-ce3364b5"
                        },
                        "meta": {},
                        "tainted": false
                    },
                    "deposed": [],
                    "provider": "provider.aws"
                },
                "aws_route_table_association.route_bosh_subnets": {
                    "type": "aws_route_table_association",
                    "depends_on": [
                        "aws_route_table.bosh_route_table",
                        "aws_subnet.bosh_subnet"
                    ],
                    "primary": {
                        "id": "rtbassoc-4072ee3f",
                        "attributes": {
                            "id": "rtbassoc-4072ee3f",
                            "route_table_id": "rtb-fdeedc81",
                            "subnet_id": "subnet-dd31def3"
                        },
                        "meta": {},
                        "tainted": false
                    },
                    "deposed": [],
                    "provider": "provider.aws"
                },
                "aws_route_table_association.route_internal_subnets.0": {
                    "type": "aws_route_table_association",
                    "depends_on": [
                        "aws_route_table.internal_route_table",
                        "aws_subnet.internal_subnets.*"
                    ],
                    "primary": {
                        "id": "rtbassoc-2670ec59",
                        "attributes": {
                            "id": "rtbassoc-2670ec59",
                            "route_table_id": "rtb-b2ecdece",
                            "subnet_id": "subnet-9f8d3cd5"
                        },
                        "meta": {},
                        "tainted": false
                    },
                    "deposed": [],
                    "provider": "provider.aws"
                },
                "aws_route_table_association.route_internal_subnets.1": {
                    "type": "aws_route_table_association",
                    "depends_on": [
                        "aws_route_table.internal_route_table",
                        "aws_subnet.internal_subnets.*"
                    ],
                    "primary": {
                        "id": "rtbassoc-9d6ef2e2",
                        "attributes": {
                            "id": "rtbassoc-9d6ef2e2",
                            "route_table_id": "rtb-b2ecdece",
                            "subnet_id": "subnet-9ff71ac3"
                        },
                        "meta": {},
                        "tainted": false
                    },
                    "deposed": [],
                    "provider": "provider.aws"
                },
                "aws_route_table_association.route_internal_subnets.2": {
                    "type": "aws_route_table_association",
                    "depends_on": [
                        "aws_route_table.internal_route_table",
                        "aws_subnet.internal_subnets.*"
                    ],
                    "primary": {
                        "id": "rtbassoc-d17be7ae",
                        "attributes": {
                            "id": "rtbassoc-d17be7ae",
                            "route_table_id": "rtb-b2ecdece",
                            "subnet_id": "subnet-2024d847"
                        },
                        "meta": {},
                        "tainted": false
                    },
                    "deposed": [],
                    "provider": "provider.aws"
                },
                "aws_route_table_association.route_internal_subnets.3": {
                    "type": "aws_route_table_association",
                    "depends_on": [
                        "aws_route_table.internal_route_table",
                        "aws_subnet.internal_subnets.*"
                    ],
                    "primary": {
                        "id": "rtbassoc-7f61fd00",
                        "attributes": {
                            "id": "rtbassoc-7f61fd00",
                            "route_table_id": "rtb-b2ecdece",
                            "subnet_id": "subnet-2e32dd00"
                        },
                        "meta": {},
                        "tainted": false
                    },
                    "deposed": [],
                    "provider": "provider.aws"
                },
                "aws_route_table_association.route_internal_subnets.4": {
                    "type": "aws_route_table_association",
                    "depends_on": [
                        "aws_route_table.internal_route_table",
                        "aws_subnet.internal_subnets.*"
                    ],
                    "primary": {
                        "id": "rtbassoc-0065f97f",
                        "attributes": {
                            "id": "rtbassoc-0065f97f",
                            "route_table_id": "rtb-b2ecdece",
                            "subnet_id": "subnet-f89c93c7"
                        },
                        "meta": {},
                        "tainted": false
                    },
                    "deposed": [],
                    "provider": "provider.aws"
                },
                "aws_route_table_association.route_internal_subnets.5": {
                    "type": "aws_route_table_association",
                    "depends_on": [
                        "aws_route_table.internal_route_table",
                        "aws_subnet.internal_subnets.*"
                    ],
                    "primary": {
                        "id": "rtbassoc-3f75e940",
                        "attributes": {
                            "id": "rtbassoc-3f75e940",
                            "route_table_id": "rtb-b2ecdece",
                            "subnet_id": "subnet-097afc06"
                        },
                        "meta": {},
                        "tainted": false
                    },
                    "deposed": [],
                    "provider": "provider.aws"
                },
                "aws_route_table_association.route_lb_subnets.0": {
                    "type": "aws_route_table_association",
                    "depends_on": [
                        "aws_route_table.lb_route_table",
                        "aws_subnet.lb_subnets.*"
                    ],
                    "primary": {
                        "id": "rtbassoc-396ff346",
                        "attributes": {
                            "id": "rtbassoc-396ff346",
                            "route_table_id": "rtb-b9e6d4c5",
                            "subnet_id": "subnet-bc9e2ff6"
                        },
                        "meta": {},
                        "tainted": false
                    },
                    "deposed": [],
                    "provider": "provider.aws"
                },
                "aws_route_table_association.route_lb_subnets.1": {
                    "type": "aws_route_table_association",
                    "depends_on": [
                        "aws_route_table.lb_route_table",
                        "aws_subnet.lb_subnets.*"
                    ],
                    "primary": {
                        "id": "rtbassoc-8f6bf7f0",
                        "attributes": {
                            "id": "rtbassoc-8f6bf7f0",
                            "route_table_id": "rtb-b9e6d4c5",
                            "subnet_id": "subnet-24f21f78"
                        },
                        "meta": {},
                        "tainted": false
                    },
                    "deposed": [],
                    "provider": "provider.aws"
                },
                "aws_route_table_association.route_lb_subnets.2": {
                    "type": "aws_route_table_association",
                    "depends_on": [
                        "aws_route_table.lb_route_table",
                        "aws_subnet.lb_subnets.*"
                    ],
                    "primary": {
                        "id": "rtbassoc-1373ef6c",
                        "attributes": {
                            "id": "rtbassoc-1373ef6c",
                            "route_table_id": "rtb-b9e6d4c5",
                            "subnet_id": "subnet-f826da9f"
                        },
                        "meta": {},
                        "tainted": false
                    },
                    "deposed": [],
                    "provider": "provider.aws"
                },
                "aws_route_table_association.route_lb_subnets.3": {
                    "type": "aws_route_table_association",
                    "depends_on": [
                        "aws_route_table.lb_route_table",
                        "aws_subnet.lb_subnets.*"
                    ],
                    "primary": {
                        "id": "rtbassoc-5b6ef224",
                        "attributes": {
                            "id": "rtbassoc-5b6ef224",
                            "route_table_id": "rtb-b9e6d4c5",
                            "subnet_id": "subnet-ff06e9d1"
                        },
                        "meta": {},
                        "tainted": false
                    },
                    "deposed": [],
                    "provider": "provider.aws"
                },
                "aws_route_table_association.route_lb_subnets.4": {
                    "type": "aws_route_table_association",
                    "depends_on": [
                        "aws_route_table.lb_route_table",
                        "aws_subnet.lb_subnets.*"
                    ],
                    "primary": {
                        "id": "rtbassoc-3d69f542",
                        "attributes": {
                            "id": "rtbassoc-3d69f542",
                            "route_table_id": "rtb-b9e6d4c5",
                            "subnet_id": "subnet-78848b47"
                        },
                        "meta": {},
                        "tainted": false
                    },
                    "deposed": [],
                    "provider": "provider.aws"
                },
                "aws_route_table_association.route_lb_subnets.5": {
                    "type": "aws_route_table_association",
                    "depends_on": [
                        "aws_route_table.lb_route_table",
                        "aws_subnet.lb_subnets.*"
                    ],
                    "primary": {
                        "id": "rtbassoc-8060fcff",
                        "attributes": {
                            "id": "rtbassoc-8060fcff",
                            "route_table_id": "rtb-b9e6d4c5",
                            "subnet_id": "subnet-f70f89f8"
                        },
                        "meta": {},
                        "tainted": false
                    },
                    "deposed": [],
                    "provider": "provider.aws"
                },
                "aws_security_group.bosh_security_group": {
                    "type": "aws_security_group",
                    "depends_on": [
                        "local.vpc_id"
                    ],
                    "primary": {
                        "id": "sg-cf417b86",
                        "attributes": {
                            "arn": "arn:aws:ec2:us-east-1:722216819315:security-group/sg-cf417b86",
                            "description": "BOSH Director",
                            "egress.#": "0",
                            "id": "sg-cf417b86",
                            "ingress.#": "0",
                            "name": "bbl-env-urmia-2018-04-30t03-16z-bosh-security-group",
                            "owner_id": "722216819315",
                            "revoke_rules_on_delete": "false",
                            "tags.%": "1",
                            "tags.Name": "bbl-env-urmia-2018-04-30t03-16z-bosh-security-group",
                            "vpc_id": "vpc-ce3364b5"
                        },
                        "meta": {
                            "e2bfb730-ecaa-11e6-8f88-34363bc7c4c0": {
                                "create": 600000000000,
                                "delete": 600000000000
                            },
                            "schema_version": "1"
                        },
                        "tainted": false
                    },
                    "deposed": [],
                    "provider": "provider.aws"
                },
                "aws_security_group.cf_router_lb_internal_security_group": {
                    "type": "aws_security_group",
                    "depends_on": [
                        "aws_security_group.cf_router_lb_security_group",
                        "local.vpc_id"
                    ],
                    "primary": {
                        "id": "sg-7c516b35",
                        "attributes": {
                            "arn": "arn:aws:ec2:us-east-1:722216819315:security-group/sg-7c516b35",
                            "description": "CF Router Internal",
                            "egress.#": "1",
                            "egress.482069346.cidr_blocks.#": "1",
                            "egress.482069346.cidr_blocks.0": "0.0.0.0/0",
                            "egress.482069346.description": "",
                            "egress.482069346.from_port": "0",
                            "egress.482069346.ipv6_cidr_blocks.#": "0",
                            "egress.482069346.prefix_list_ids.#": "0",
                            "egress.482069346.protocol": "-1",
                            "egress.482069346.security_groups.#": "0",
                            "egress.482069346.self": "false",
                            "egress.482069346.to_port": "0",
                            "id": "sg-7c516b35",
                            "ingress.#": "1",
                            "ingress.328547455.cidr_blocks.#": "0",
                            "ingress.328547455.description": "",
                            "ingress.328547455.from_port": "80",
                            "ingress.328547455.ipv6_cidr_blocks.#": "0",
                            "ingress.328547455.protocol": "tcp",
                            "ingress.328547455.security_groups.#": "1",
                            "ingress.328547455.security_groups.1091512790": "sg-ce417b87",
                            "ingress.328547455.self": "false",
                            "ingress.328547455.to_port": "80",
                            "name": "bbl-env-urmia-2018-04-30t03-16z-cf-router-lb-internal-security-group",
                            "owner_id": "722216819315",
                            "revoke_rules_on_delete": "false",
                            "tags.%": "1",
                            "tags.Name": "bbl-env-urmia-2018-04-30t03-16z-cf-router-lb-internal-security-group",
                            "vpc_id": "vpc-ce3364b5"
                        },
                        "meta": {
                            "e2bfb730-ecaa-11e6-8f88-34363bc7c4c0": {
                                "create": 600000000000,
                                "delete": 600000000000
                            },
                            "schema_version": "1"
                        },
                        "tainted": false
                    },
                    "deposed": [],
                    "provider": "provider.aws"
                },
                "aws_security_group.cf_router_lb_security_group": {
                    "type": "aws_security_group",
                    "depends_on": [
                        "local.vpc_id"
                    ],
                    "primary": {
                        "id": "sg-ce417b87",
                        "attributes": {
                            "arn": "arn:aws:ec2:us-east-1:722216819315:security-group/sg-ce417b87",
                            "description": "CF Router",
                            "egress.#": "1",
                            "egress.482069346.cidr_blocks.#": "1",
                            "egress.482069346.cidr_blocks.0": "0.0.0.0/0",
                            "egress.482069346.description": "",
                            "egress.482069346.from_port": "0",
                            "egress.482069346.ipv6_cidr_blocks.#": "0",
                            "egress.482069346.prefix_list_ids.#": "0",
                            "egress.482069346.protocol": "-1",
                            "egress.482069346.security_groups.#": "0",
                            "egress.482069346.self": "false",
                            "egress.482069346.to_port": "0",
                            "id": "sg-ce417b87",
                            "ingress.#": "3",
                            "ingress.2214680975.cidr_blocks.#": "1",
                            "ingress.2214680975.cidr_blocks.0": "0.0.0.0/0",
                            "ingress.2214680975.description": "",
                            "ingress.2214680975.from_port": "80",
                            "ingress.2214680975.ipv6_cidr_blocks.#": "0",
                            "ingress.2214680975.protocol": "tcp",
                            "ingress.2214680975.security_groups.#": "0",
                            "ingress.2214680975.self": "false",
                            "ingress.2214680975.to_port": "80",
                            "ingress.2617001939.cidr_blocks.#": "1",
                            "ingress.2617001939.cidr_blocks.0": "0.0.0.0/0",
                            "ingress.2617001939.description": "",
                            "ingress.2617001939.from_port": "443",
                            "ingress.2617001939.ipv6_cidr_blocks.#": "0",
                            "ingress.2617001939.protocol": "tcp",
                            "ingress.2617001939.security_groups.#": "0",
                            "ingress.2617001939.self": "false",
                            "ingress.2617001939.to_port": "443",
                            "ingress.3214867474.cidr_blocks.#": "1",
                            "ingress.3214867474.cidr_blocks.0": "0.0.0.0/0",
                            "ingress.3214867474.description": "",
                            "ingress.3214867474.from_port": "4443",
                            "ingress.3214867474.ipv6_cidr_blocks.#": "0",
                            "ingress.3214867474.protocol": "tcp",
                            "ingress.3214867474.security_groups.#": "0",
                            "ingress.3214867474.self": "false",
                            "ingress.3214867474.to_port": "4443",
                            "name": "bbl-env-urmia-2018-04-30t03-16z-cf-router-lb-security-group",
                            "owner_id": "722216819315",
                            "revoke_rules_on_delete": "false",
                            "tags.%": "1",
                            "tags.Name": "bbl-env-urmia-2018-04-30t03-16z-cf-router-lb-security-group",
                            "vpc_id": "vpc-ce3364b5"
                        },
                        "meta": {
                            "e2bfb730-ecaa-11e6-8f88-34363bc7c4c0": {
                                "create": 600000000000,
                                "delete": 600000000000
                            },
                            "schema_version": "1"
                        },
                        "tainted": false
                    },
                    "deposed": [],
                    "provider": "provider.aws"
                },
                "aws_security_group.cf_ssh_lb_internal_security_group": {
                    "type": "aws_security_group",
                    "depends_on": [
                        "aws_security_group.cf_ssh_lb_security_group",
                        "local.vpc_id"
                    ],
                    "primary": {
                        "id": "sg-51427818",
                        "attributes": {
                            "arn": "arn:aws:ec2:us-east-1:722216819315:security-group/sg-51427818",
                            "description": "CF SSH Internal",
                            "egress.#": "1",
                            "egress.482069346.cidr_blocks.#": "1",
                            "egress.482069346.cidr_blocks.0": "0.0.0.0/0",
                            "egress.482069346.description": "",
                            "egress.482069346.from_port": "0",
                            "egress.482069346.ipv6_cidr_blocks.#": "0",
                            "egress.482069346.prefix_list_ids.#": "0",
                            "egress.482069346.protocol": "-1",
                            "egress.482069346.security_groups.#": "0",
                            "egress.482069346.self": "false",
                            "egress.482069346.to_port": "0",
                            "id": "sg-51427818",
                            "ingress.#": "1",
                            "ingress.2436264876.cidr_blocks.#": "0",
                            "ingress.2436264876.description": "",
                            "ingress.2436264876.from_port": "2222",
                            "ingress.2436264876.ipv6_cidr_blocks.#": "0",
                            "ingress.2436264876.protocol": "tcp",
                            "ingress.2436264876.security_groups.#": "1",
                            "ingress.2436264876.security_groups.616322845": "sg-4e457f07",
                            "ingress.2436264876.self": "false",
                            "ingress.2436264876.to_port": "2222",
                            "name": "bbl-env-urmia-2018-04-30t03-16z-cf-ssh-lb-internal-security-group",
                            "owner_id": "722216819315",
                            "revoke_rules_on_delete": "false",
                            "tags.%": "1",
                            "tags.Name": "bbl-env-urmia-2018-04-30t03-16z-cf-ssh-lb-internal-security-group",
                            "vpc_id": "vpc-ce3364b5"
                        },
                        "meta": {
                            "e2bfb730-ecaa-11e6-8f88-34363bc7c4c0": {
                                "create": 600000000000,
                                "delete": 600000000000
                            },
                            "schema_version": "1"
                        },
                        "tainted": false
                    },
                    "deposed": [],
                    "provider": "provider.aws"
                },
                "aws_security_group.cf_ssh_lb_security_group": {
                    "type": "aws_security_group",
                    "depends_on": [
                        "local.vpc_id"
                    ],
                    "primary": {
                        "id": "sg-4e457f07",
                        "attributes": {
                            "arn": "arn:aws:ec2:us-east-1:722216819315:security-group/sg-4e457f07",
                            "description": "CF SSH",
                            "egress.#": "1",
                            "egress.482069346.cidr_blocks.#": "1",
                            "egress.482069346.cidr_blocks.0": "0.0.0.0/0",
                            "egress.482069346.description": "",
                            "egress.482069346.from_port": "0",
                            "egress.482069346.ipv6_cidr_blocks.#": "0",
                            "egress.482069346.prefix_list_ids.#": "0",
                            "egress.482069346.protocol": "-1",
                            "egress.482069346.security_groups.#": "0",
                            "egress.482069346.self": "false",
                            "egress.482069346.to_port": "0",
                            "id": "sg-4e457f07",
                            "ingress.#": "1",
                            "ingress.3985202168.cidr_blocks.#": "1",
                            "ingress.3985202168.cidr_blocks.0": "0.0.0.0/0",
                            "ingress.3985202168.description": "",
                            "ingress.3985202168.from_port": "2222",
                            "ingress.3985202168.ipv6_cidr_blocks.#": "0",
                            "ingress.3985202168.protocol": "tcp",
                            "ingress.3985202168.security_groups.#": "0",
                            "ingress.3985202168.self": "false",
                            "ingress.3985202168.to_port": "2222",
                            "name": "bbl-env-urmia-2018-04-30t03-16z-cf-ssh-lb-security-group",
                            "owner_id": "722216819315",
                            "revoke_rules_on_delete": "false",
                            "tags.%": "1",
                            "tags.Name": "bbl-env-urmia-2018-04-30t03-16z-cf-ssh-lb-security-group",
                            "vpc_id": "vpc-ce3364b5"
                        },
                        "meta": {
                            "e2bfb730-ecaa-11e6-8f88-34363bc7c4c0": {
                                "create": 600000000000,
                                "delete": 600000000000
                            },
                            "schema_version": "1"
                        },
                        "tainted": false
                    },
                    "deposed": [],
                    "provider": "provider.aws"
                },
                "aws_security_group.cf_tcp_lb_internal_security_group": {
                    "type": "aws_security_group",
                    "depends_on": [
                        "aws_security_group.cf_tcp_lb_security_group",
                        "local.vpc_id"
                    ],
                    "primary": {
                        "id": "sg-2c407a65",
                        "attributes": {
                            "arn": "arn:aws:ec2:us-east-1:722216819315:security-group/sg-2c407a65",
                            "description": "CF TCP Internal",
                            "egress.#": "1",
                            "egress.482069346.cidr_blocks.#": "1",
                            "egress.482069346.cidr_blocks.0": "0.0.0.0/0",
                            "egress.482069346.description": "",
                            "egress.482069346.from_port": "0",
                            "egress.482069346.ipv6_cidr_blocks.#": "0",
                            "egress.482069346.prefix_list_ids.#": "0",
                            "egress.482069346.protocol": "-1",
                            "egress.482069346.security_groups.#": "0",
                            "egress.482069346.self": "false",
                            "egress.482069346.to_port": "0",
                            "id": "sg-2c407a65",
                            "ingress.#": "2",
                            "ingress.2533184666.cidr_blocks.#": "0",
                            "ingress.2533184666.description": "",
                            "ingress.2533184666.from_port": "80",
                            "ingress.2533184666.ipv6_cidr_blocks.#": "0",
                            "ingress.2533184666.protocol": "tcp",
                            "ingress.2533184666.security_groups.#": "1",
                            "ingress.2533184666.security_groups.1280775300": "sg-55417b1c",
                            "ingress.2533184666.self": "false",
                            "ingress.2533184666.to_port": "80",
                            "ingress.2648317847.cidr_blocks.#": "0",
                            "ingress.2648317847.description": "",
                            "ingress.2648317847.from_port": "1024",
                            "ingress.2648317847.ipv6_cidr_blocks.#": "0",
                            "ingress.2648317847.protocol": "tcp",
                            "ingress.2648317847.security_groups.#": "1",
                            "ingress.2648317847.security_groups.1280775300": "sg-55417b1c",
                            "ingress.2648317847.self": "false",
                            "ingress.2648317847.to_port": "1123",
                            "name": "bbl-env-urmia-2018-04-30t03-16z-cf-tcp-lb-internal-security-group",
                            "owner_id": "722216819315",
                            "revoke_rules_on_delete": "false",
                            "tags.%": "1",
                            "tags.Name": "bbl-env-urmia-2018-04-30t03-16z-cf-tcp-lb-internal-security-group",
                            "vpc_id": "vpc-ce3364b5"
                        },
                        "meta": {
                            "e2bfb730-ecaa-11e6-8f88-34363bc7c4c0": {
                                "create": 600000000000,
                                "delete": 600000000000
                            },
                            "schema_version": "1"
                        },
                        "tainted": false
                    },
                    "deposed": [],
                    "provider": "provider.aws"
                },
                "aws_security_group.cf_tcp_lb_security_group": {
                    "type": "aws_security_group",
                    "depends_on": [
                        "local.vpc_id"
                    ],
                    "primary": {
                        "id": "sg-55417b1c",
                        "attributes": {
                            "arn": "arn:aws:ec2:us-east-1:722216819315:security-group/sg-55417b1c",
                            "description": "CF TCP",
                            "egress.#": "1",
                            "egress.482069346.cidr_blocks.#": "1",
                            "egress.482069346.cidr_blocks.0": "0.0.0.0/0",
                            "egress.482069346.description": "",
                            "egress.482069346.from_port": "0",
                            "egress.482069346.ipv6_cidr_blocks.#": "0",
                            "egress.482069346.prefix_list_ids.#": "0",
                            "egress.482069346.protocol": "-1",
                            "egress.482069346.security_groups.#": "0",
                            "egress.482069346.self": "false",
                            "egress.482069346.to_port": "0",
                            "id": "sg-55417b1c",
                            "ingress.#": "1",
                            "ingress.2846223060.cidr_blocks.#": "1",
                            "ingress.2846223060.cidr_blocks.0": "0.0.0.0/0",
                            "ingress.2846223060.description": "",
                            "ingress.2846223060.from_port": "1024",
                            "ingress.2846223060.ipv6_cidr_blocks.#": "0",
                            "ingress.2846223060.protocol": "tcp",
                            "ingress.2846223060.security_groups.#": "0",
                            "ingress.2846223060.self": "false",
                            "ingress.2846223060.to_port": "1123",
                            "name": "bbl-env-urmia-2018-04-30t03-16z-cf-tcp-lb-security-group",
                            "owner_id": "722216819315",
                            "revoke_rules_on_delete": "false",
                            "tags.%": "1",
                            "tags.Name": "bbl-env-urmia-2018-04-30t03-16z-cf-tcp-lb-security-group",
                            "vpc_id": "vpc-ce3364b5"
                        },
                        "meta": {
                            "e2bfb730-ecaa-11e6-8f88-34363bc7c4c0": {
                                "create": 600000000000,
                                "delete": 600000000000
                            },
                            "schema_version": "1"
                        },
                        "tainted": false
                    },
                    "deposed": [],
                    "provider": "provider.aws"
                },
                "aws_security_group.internal_security_group": {
                    "type": "aws_security_group",
                    "depends_on": [
                        "local.vpc_id"
                    ],
                    "primary": {
                        "id": "sg-0e467c47",
                        "attributes": {
                            "arn": "arn:aws:ec2:us-east-1:722216819315:security-group/sg-0e467c47",
                            "description": "Internal",
                            "egress.#": "0",
                            "id": "sg-0e467c47",
                            "ingress.#": "0",
                            "name": "bbl-env-urmia-2018-04-30t03-16z-internal-security-group",
                            "owner_id": "722216819315",
                            "revoke_rules_on_delete": "false",
                            "tags.%": "1",
                            "tags.Name": "bbl-env-urmia-2018-04-30t03-16z-internal-security-group",
                            "vpc_id": "vpc-ce3364b5"
                        },
                        "meta": {
                            "e2bfb730-ecaa-11e6-8f88-34363bc7c4c0": {
                                "create": 600000000000,
                                "delete": 600000000000
                            },
                            "schema_version": "1"
                        },
                        "tainted": false
                    },
                    "deposed": [],
                    "provider": "provider.aws"
                },
                "aws_security_group.jumpbox": {
                    "type": "aws_security_group",
                    "depends_on": [
                        "local.vpc_id"
                    ],
                    "primary": {
                        "id": "sg-2b407a62",
                        "attributes": {
                            "arn": "arn:aws:ec2:us-east-1:722216819315:security-group/sg-2b407a62",
                            "description": "Jumpbox",
                            "egress.#": "0",
                            "id": "sg-2b407a62",
                            "ingress.#": "0",
                            "name": "bbl-env-urmia-2018-04-30t03-16z-jumpbox-security-group",
                            "owner_id": "722216819315",
                            "revoke_rules_on_delete": "false",
                            "tags.%": "1",
                            "tags.Name": "bbl-env-urmia-2018-04-30t03-16z-jumpbox-security-group",
                            "vpc_id": "vpc-ce3364b5"
                        },
                        "meta": {
                            "e2bfb730-ecaa-11e6-8f88-34363bc7c4c0": {
                                "create": 600000000000,
                                "delete": 600000000000
                            },
                            "schema_version": "1"
                        },
                        "tainted": false
                    },
                    "deposed": [],
                    "provider": "provider.aws"
                },
                "aws_security_group.nat_security_group": {
                    "type": "aws_security_group",
                    "depends_on": [
                        "local.vpc_id"
                    ],
                    "primary": {
                        "id": "sg-a3417bea",
                        "attributes": {
                            "arn": "arn:aws:ec2:us-east-1:722216819315:security-group/sg-a3417bea",
                            "description": "NAT",
                            "egress.#": "0",
                            "id": "sg-a3417bea",
                            "ingress.#": "0",
                            "name": "bbl-env-urmia-2018-04-30t03-16z-nat-security-group",
                            "owner_id": "722216819315",
                            "revoke_rules_on_delete": "false",
                            "tags.%": "1",
                            "tags.Name": "bbl-env-urmia-2018-04-30t03-16z-nat-security-group",
                            "vpc_id": "vpc-ce3364b5"
                        },
                        "meta": {
                            "e2bfb730-ecaa-11e6-8f88-34363bc7c4c0": {
                                "create": 600000000000,
                                "delete": 600000000000
                            },
                            "schema_version": "1"
                        },
                        "tainted": false
                    },
                    "deposed": [],
                    "provider": "provider.aws"
                },
                "aws_security_group_rule.bosh_internal_security_rule_tcp": {
                    "type": "aws_security_group_rule",
                    "depends_on": [
                        "aws_security_group.bosh_security_group",
                        "aws_security_group.internal_security_group"
                    ],
                    "primary": {
                        "id": "sgrule-2934280156",
                        "attributes": {
                            "from_port": "0",
                            "id": "sgrule-2934280156",
                            "protocol": "tcp",
                            "security_group_id": "sg-0e467c47",
                            "self": "false",
                            "source_security_group_id": "sg-cf417b86",
                            "to_port": "65535",
                            "type": "ingress"
                        },
                        "meta": {
                            "schema_version": "2"
                        },
                        "tainted": false
                    },
                    "deposed": [],
                    "provider": "provider.aws"
                },
                "aws_security_group_rule.bosh_internal_security_rule_udp": {
                    "type": "aws_security_group_rule",
                    "depends_on": [
                        "aws_security_group.bosh_security_group",
                        "aws_security_group.internal_security_group"
                    ],
                    "primary": {
                        "id": "sgrule-980822181",
                        "attributes": {
                            "from_port": "0",
                            "id": "sgrule-980822181",
                            "protocol": "udp",
                            "security_group_id": "sg-0e467c47",
                            "self": "false",
                            "source_security_group_id": "sg-cf417b86",
                            "to_port": "65535",
                            "type": "ingress"
                        },
                        "meta": {
                            "schema_version": "2"
                        },
                        "tainted": false
                    },
                    "deposed": [],
                    "provider": "provider.aws"
                },
                "aws_security_group_rule.bosh_security_group_rule_allow_internet": {
                    "type": "aws_security_group_rule",
                    "depends_on": [
                        "aws_security_group.bosh_security_group"
                    ],
                    "primary": {
                        "id": "sgrule-3809919236",
                        "attributes": {
                            "cidr_blocks.#": "1",
                            "cidr_blocks.0": "0.0.0.0/0",
                            "from_port": "0",
                            "id": "sgrule-3809919236",
                            "protocol": "-1",
                            "security_group_id": "sg-cf417b86",
                            "self": "false",
                            "to_port": "0",
                            "type": "egress"
                        },
                        "meta": {
                            "schema_version": "2"
                        },
                        "tainted": false
                    },
                    "deposed": [],
                    "provider": "provider.aws"
                },
                "aws_security_group_rule.bosh_security_group_rule_credhub": {
                    "type": "aws_security_group_rule",
                    "depends_on": [
                        "aws_security_group.bosh_security_group",
                        "aws_security_group.jumpbox"
                    ],
                    "primary": {
                        "id": "sgrule-1025611592",
                        "attributes": {
                            "from_port": "8844",
                            "id": "sgrule-1025611592",
                            "protocol": "tcp",
                            "security_group_id": "sg-cf417b86",
                            "self": "false",
                            "source_security_group_id": "sg-2b407a62",
                            "to_port": "8844",
                            "type": "ingress"
                        },
                        "meta": {
                            "schema_version": "2"
                        },
                        "tainted": false
                    },
                    "deposed": [],
                    "provider": "provider.aws"
                },
                "aws_security_group_rule.bosh_security_group_rule_tcp": {
                    "type": "aws_security_group_rule",
                    "depends_on": [
                        "aws_security_group.bosh_security_group",
                        "aws_security_group.internal_security_group"
                    ],
                    "primary": {
                        "id": "sgrule-3188901337",
                        "attributes": {
                            "from_port": "0",
                            "id": "sgrule-3188901337",
                            "protocol": "tcp",
                            "security_group_id": "sg-cf417b86",
                            "self": "false",
                            "source_security_group_id": "sg-0e467c47",
                            "to_port": "65535",
                            "type": "ingress"
                        },
                        "meta": {
                            "schema_version": "2"
                        },
                        "tainted": false
                    },
                    "deposed": [],
                    "provider": "provider.aws"
                },
                "aws_security_group_rule.bosh_security_group_rule_tcp_bosh_agent": {
                    "type": "aws_security_group_rule",
                    "depends_on": [
                        "aws_security_group.bosh_security_group",
                        "aws_security_group.jumpbox"
                    ],
                    "primary": {
                        "id": "sgrule-3579072610",
                        "attributes": {
                            "from_port": "6868",
                            "id": "sgrule-3579072610",
                            "protocol": "tcp",
                            "security_group_id": "sg-cf417b86",
                            "self": "false",
                            "source_security_group_id": "sg-2b407a62",
                            "to_port": "6868",
                            "type": "ingress"
                        },
                        "meta": {
                            "schema_version": "2"
                        },
                        "tainted": false
                    },
                    "deposed": [],
                    "provider": "provider.aws"
                },
                "aws_security_group_rule.bosh_security_group_rule_tcp_director_api": {
                    "type": "aws_security_group_rule",
                    "depends_on": [
                        "aws_security_group.bosh_security_group",
                        "aws_security_group.jumpbox"
                    ],
                    "primary": {
                        "id": "sgrule-556165586",
                        "attributes": {
                            "from_port": "25555",
                            "id": "sgrule-556165586",
                            "protocol": "tcp",
                            "security_group_id": "sg-cf417b86",
                            "self": "false",
                            "source_security_group_id": "sg-2b407a62",
                            "to_port": "25555",
                            "type": "ingress"
                        },
                        "meta": {
                            "schema_version": "2"
                        },
                        "tainted": false
                    },
                    "deposed": [],
                    "provider": "provider.aws"
                },
                "aws_security_group_rule.bosh_security_group_rule_tcp_ssh": {
                    "type": "aws_security_group_rule",
                    "depends_on": [
                        "aws_security_group.bosh_security_group"
                    ],
                    "primary": {
                        "id": "sgrule-429055938",
                        "attributes": {
                            "cidr_blocks.#": "1",
                            "cidr_blocks.0": "0.0.0.0/0",
                            "from_port": "22",
                            "id": "sgrule-429055938",
                            "protocol": "tcp",
                            "security_group_id": "sg-cf417b86",
                            "self": "false",
                            "to_port": "22",
                            "type": "ingress"
                        },
                        "meta": {
                            "schema_version": "2"
                        },
                        "tainted": false
                    },
                    "deposed": [],
                    "provider": "provider.aws"
                },
                "aws_security_group_rule.bosh_security_group_rule_uaa": {
                    "type": "aws_security_group_rule",
                    "depends_on": [
                        "aws_security_group.bosh_security_group",
                        "aws_security_group.jumpbox"
                    ],
                    "primary": {
                        "id": "sgrule-3283726081",
                        "attributes": {
                            "from_port": "8443",
                            "id": "sgrule-3283726081",
                            "protocol": "tcp",
                            "security_group_id": "sg-cf417b86",
                            "self": "false",
                            "source_security_group_id": "sg-2b407a62",
                            "to_port": "8443",
                            "type": "ingress"
                        },
                        "meta": {
                            "schema_version": "2"
                        },
                        "tainted": false
                    },
                    "deposed": [],
                    "provider": "provider.aws"
                },
                "aws_security_group_rule.bosh_security_group_rule_udp": {
                    "type": "aws_security_group_rule",
                    "depends_on": [
                        "aws_security_group.bosh_security_group",
                        "aws_security_group.internal_security_group"
                    ],
                    "primary": {
                        "id": "sgrule-713122464",
                        "attributes": {
                            "from_port": "0",
                            "id": "sgrule-713122464",
                            "protocol": "udp",
                            "security_group_id": "sg-cf417b86",
                            "self": "false",
                            "source_security_group_id": "sg-0e467c47",
                            "to_port": "65535",
                            "type": "ingress"
                        },
                        "meta": {
                            "schema_version": "2"
                        },
                        "tainted": false
                    },
                    "deposed": [],
                    "provider": "provider.aws"
                },
                "aws_security_group_rule.internal_security_group_rule_allow_internet": {
                    "type": "aws_security_group_rule",
                    "depends_on": [
                        "aws_security_group.internal_security_group"
                    ],
                    "primary": {
                        "id": "sgrule-4203906793",
                        "attributes": {
                            "cidr_blocks.#": "1",
                            "cidr_blocks.0": "0.0.0.0/0",
                            "from_port": "0",
                            "id": "sgrule-4203906793",
                            "protocol": "-1",
                            "security_group_id": "sg-0e467c47",
                            "self": "false",
                            "to_port": "0",
                            "type": "egress"
                        },
                        "meta": {
                            "schema_version": "2"
                        },
                        "tainted": false
                    },
                    "deposed": [],
                    "provider": "provider.aws"
                },
                "aws_security_group_rule.internal_security_group_rule_icmp": {
                    "type": "aws_security_group_rule",
                    "depends_on": [
                        "aws_security_group.internal_security_group"
                    ],
                    "primary": {
                        "id": "sgrule-276423623",
                        "attributes": {
                            "cidr_blocks.#": "1",
                            "cidr_blocks.0": "0.0.0.0/0",
                            "from_port": "-1",
                            "id": "sgrule-276423623",
                            "protocol": "icmp",
                            "security_group_id": "sg-0e467c47",
                            "self": "false",
                            "to_port": "-1",
                            "type": "ingress"
                        },
                        "meta": {
                            "schema_version": "2"
                        },
                        "tainted": false
                    },
                    "deposed": [],
                    "provider": "provider.aws"
                },
                "aws_security_group_rule.internal_security_group_rule_ssh": {
                    "type": "aws_security_group_rule",
                    "depends_on": [
                        "aws_security_group.internal_security_group",
                        "aws_security_group.jumpbox"
                    ],
                    "primary": {
                        "id": "sgrule-3591857261",
                        "attributes": {
                            "from_port": "22",
                            "id": "sgrule-3591857261",
                            "protocol": "tcp",
                            "security_group_id": "sg-0e467c47",
                            "self": "false",
                            "source_security_group_id": "sg-2b407a62",
                            "to_port": "22",
                            "type": "ingress"
                        },
                        "meta": {
                            "schema_version": "2"
                        },
                        "tainted": false
                    },
                    "deposed": [],
                    "provider": "provider.aws"
                },
                "aws_security_group_rule.internal_security_group_rule_tcp": {
                    "type": "aws_security_group_rule",
                    "depends_on": [
                        "aws_security_group.internal_security_group"
                    ],
                    "primary": {
                        "id": "sgrule-1989692643",
                        "attributes": {
                            "from_port": "0",
                            "id": "sgrule-1989692643",
                            "protocol": "tcp",
                            "security_group_id": "sg-0e467c47",
                            "self": "true",
                            "to_port": "65535",
                            "type": "ingress"
                        },
                        "meta": {
                            "schema_version": "2"
                        },
                        "tainted": false
                    },
                    "deposed": [],
                    "provider": "provider.aws"
                },
                "aws_security_group_rule.internal_security_group_rule_udp": {
                    "type": "aws_security_group_rule",
                    "depends_on": [
                        "aws_security_group.internal_security_group"
                    ],
                    "primary": {
                        "id": "sgrule-3792432026",
                        "attributes": {
                            "from_port": "0",
                            "id": "sgrule-3792432026",
                            "protocol": "udp",
                            "security_group_id": "sg-0e467c47",
                            "self": "true",
                            "to_port": "65535",
                            "type": "ingress"
                        },
                        "meta": {
                            "schema_version": "2"
                        },
                        "tainted": false
                    },
                    "deposed": [],
                    "provider": "provider.aws"
                },
                "aws_security_group_rule.jumpbox_agent": {
                    "type": "aws_security_group_rule",
                    "depends_on": [
                        "aws_security_group.jumpbox"
                    ],
                    "primary": {
                        "id": "sgrule-3600062628",
                        "attributes": {
                            "cidr_blocks.#": "1",
                            "cidr_blocks.0": "0.0.0.0/0",
                            "from_port": "6868",
                            "id": "sgrule-3600062628",
                            "protocol": "tcp",
                            "security_group_id": "sg-2b407a62",
                            "self": "false",
                            "to_port": "6868",
                            "type": "ingress"
                        },
                        "meta": {
                            "schema_version": "2"
                        },
                        "tainted": false
                    },
                    "deposed": [],
                    "provider": "provider.aws"
                },
                "aws_security_group_rule.jumpbox_director": {
                    "type": "aws_security_group_rule",
                    "depends_on": [
                        "aws_security_group.jumpbox"
                    ],
                    "primary": {
                        "id": "sgrule-153792026",
                        "attributes": {
                            "cidr_blocks.#": "1",
                            "cidr_blocks.0": "0.0.0.0/0",
                            "from_port": "25555",
                            "id": "sgrule-153792026",
                            "protocol": "tcp",
                            "security_group_id": "sg-2b407a62",
                            "self": "false",
                            "to_port": "25555",
                            "type": "ingress"
                        },
                        "meta": {
                            "schema_version": "2"
                        },
                        "tainted": false
                    },
                    "deposed": [],
                    "provider": "provider.aws"
                },
                "aws_security_group_rule.jumpbox_egress": {
                    "type": "aws_security_group_rule",
                    "depends_on": [
                        "aws_security_group.jumpbox"
                    ],
                    "primary": {
                        "id": "sgrule-2020536933",
                        "attributes": {
                            "cidr_blocks.#": "1",
                            "cidr_blocks.0": "0.0.0.0/0",
                            "from_port": "0",
                            "id": "sgrule-2020536933",
                            "protocol": "-1",
                            "security_group_id": "sg-2b407a62",
                            "self": "false",
                            "to_port": "0",
                            "type": "egress"
                        },
                        "meta": {
                            "schema_version": "2"
                        },
                        "tainted": false
                    },
                    "deposed": [],
                    "provider": "provider.aws"
                },
                "aws_security_group_rule.jumpbox_rdp": {
                    "type": "aws_security_group_rule",
                    "depends_on": [
                        "aws_security_group.jumpbox"
                    ],
                    "primary": {
                        "id": "sgrule-2393268156",
                        "attributes": {
                            "cidr_blocks.#": "1",
                            "cidr_blocks.0": "0.0.0.0/0",
                            "from_port": "3389",
                            "id": "sgrule-2393268156",
                            "protocol": "tcp",
                            "security_group_id": "sg-2b407a62",
                            "self": "false",
                            "to_port": "3389",
                            "type": "ingress"
                        },
                        "meta": {
                            "schema_version": "2"
                        },
                        "tainted": false
                    },
                    "deposed": [],
                    "provider": "provider.aws"
                },
                "aws_security_group_rule.jumpbox_ssh": {
                    "type": "aws_security_group_rule",
                    "depends_on": [
                        "aws_security_group.jumpbox"
                    ],
                    "primary": {
                        "id": "sgrule-3724499333",
                        "attributes": {
                            "cidr_blocks.#": "1",
                            "cidr_blocks.0": "0.0.0.0/0",
                            "from_port": "22",
                            "id": "sgrule-3724499333",
                            "protocol": "tcp",
                            "security_group_id": "sg-2b407a62",
                            "self": "false",
                            "to_port": "22",
                            "type": "ingress"
                        },
                        "meta": {
                            "schema_version": "2"
                        },
                        "tainted": false
                    },
                    "deposed": [],
                    "provider": "provider.aws"
                },
                "aws_security_group_rule.nat_icmp_rule": {
                    "type": "aws_security_group_rule",
                    "depends_on": [
                        "aws_security_group.nat_security_group"
                    ],
                    "primary": {
                        "id": "sgrule-3543641109",
                        "attributes": {
                            "cidr_blocks.#": "1",
                            "cidr_blocks.0": "0.0.0.0/0",
                            "from_port": "-1",
                            "id": "sgrule-3543641109",
                            "protocol": "icmp",
                            "security_group_id": "sg-a3417bea",
                            "self": "false",
                            "to_port": "-1",
                            "type": "ingress"
                        },
                        "meta": {
                            "schema_version": "2"
                        },
                        "tainted": false
                    },
                    "deposed": [],
                    "provider": "provider.aws"
                },
                "aws_security_group_rule.nat_tcp_rule": {
                    "type": "aws_security_group_rule",
                    "depends_on": [
                        "aws_security_group.internal_security_group",
                        "aws_security_group.nat_security_group"
                    ],
                    "primary": {
                        "id": "sgrule-453296389",
                        "attributes": {
                            "from_port": "0",
                            "id": "sgrule-453296389",
                            "protocol": "tcp",
                            "security_group_id": "sg-a3417bea",
                            "self": "false",
                            "source_security_group_id": "sg-0e467c47",
                            "to_port": "65535",
                            "type": "ingress"
                        },
                        "meta": {
                            "schema_version": "2"
                        },
                        "tainted": false
                    },
                    "deposed": [],
                    "provider": "provider.aws"
                },
                "aws_security_group_rule.nat_to_internet_rule": {
                    "type": "aws_security_group_rule",
                    "depends_on": [
                        "aws_security_group.nat_security_group"
                    ],
                    "primary": {
                        "id": "sgrule-3440716910",
                        "attributes": {
                            "cidr_blocks.#": "1",
                            "cidr_blocks.0": "0.0.0.0/0",
                            "from_port": "0",
                            "id": "sgrule-3440716910",
                            "protocol": "-1",
                            "security_group_id": "sg-a3417bea",
                            "self": "false",
                            "to_port": "0",
                            "type": "egress"
                        },
                        "meta": {
                            "schema_version": "2"
                        },
                        "tainted": false
                    },
                    "deposed": [],
                    "provider": "provider.aws"
                },
                "aws_security_group_rule.nat_udp_rule": {
                    "type": "aws_security_group_rule",
                    "depends_on": [
                        "aws_security_group.internal_security_group",
                        "aws_security_group.nat_security_group"
                    ],
                    "primary": {
                        "id": "sgrule-2409064060",
                        "attributes": {
                            "from_port": "0",
                            "id": "sgrule-2409064060",
                            "protocol": "udp",
                            "security_group_id": "sg-a3417bea",
                            "self": "false",
                            "source_security_group_id": "sg-0e467c47",
                            "to_port": "65535",
                            "type": "ingress"
                        },
                        "meta": {
                            "schema_version": "2"
                        },
                        "tainted": false
                    },
                    "deposed": [],
                    "provider": "provider.aws"
                },
                "aws_subnet.bosh_subnet": {
                    "type": "aws_subnet",
                    "depends_on": [
                        "local.vpc_id"
                    ],
                    "primary": {
                        "id": "subnet-dd31def3",
                        "attributes": {
                            "assign_ipv6_address_on_creation": "false",
                            "availability_zone": "us-east-1d",
                            "cidr_block": "10.0.0.0/24",
                            "id": "subnet-dd31def3",
                            "map_public_ip_on_launch": "false",
                            "tags.%": "1",
                            "tags.Name": "bbl-env-urmia-2018-04-30t03-16z-bosh-subnet",
                            "vpc_id": "vpc-ce3364b5"
                        },
                        "meta": {
                            "schema_version": "1"
                        },
                        "tainted": false
                    },
                    "deposed": [],
                    "provider": "provider.aws"
                },
                "aws_subnet.internal_subnets.0": {
                    "type": "aws_subnet",
                    "depends_on": [
                        "local.vpc_id"
                    ],
                    "primary": {
                        "id": "subnet-9f8d3cd5",
                        "attributes": {
                            "assign_ipv6_address_on_creation": "false",
                            "availability_zone": "us-east-1a",
                            "cidr_block": "10.0.16.0/20",
                            "id": "subnet-9f8d3cd5",
                            "map_public_ip_on_launch": "false",
                            "tags.%": "1",
                            "tags.Name": "bbl-env-urmia-2018-04-30t03-16z-internal-subnet0",
                            "vpc_id": "vpc-ce3364b5"
                        },
                        "meta": {
                            "schema_version": "1"
                        },
                        "tainted": false
                    },
                    "deposed": [],
                    "provider": "provider.aws"
                },
                "aws_subnet.internal_subnets.1": {
                    "type": "aws_subnet",
                    "depends_on": [
                        "local.vpc_id"
                    ],
                    "primary": {
                        "id": "subnet-9ff71ac3",
                        "attributes": {
                            "assign_ipv6_address_on_creation": "false",
                            "availability_zone": "us-east-1b",
                            "cidr_block": "10.0.32.0/20",
                            "id": "subnet-9ff71ac3",
                            "map_public_ip_on_launch": "false",
                            "tags.%": "1",
                            "tags.Name": "bbl-env-urmia-2018-04-30t03-16z-internal-subnet1",
                            "vpc_id": "vpc-ce3364b5"
                        },
                        "meta": {
                            "schema_version": "1"
                        },
                        "tainted": false
                    },
                    "deposed": [],
                    "provider": "provider.aws"
                },
                "aws_subnet.internal_subnets.2": {
                    "type": "aws_subnet",
                    "depends_on": [
                        "local.vpc_id"
                    ],
                    "primary": {
                        "id": "subnet-2024d847",
                        "attributes": {
                            "assign_ipv6_address_on_creation": "false",
                            "availability_zone": "us-east-1c",
                            "cidr_block": "10.0.48.0/20",
                            "id": "subnet-2024d847",
                            "map_public_ip_on_launch": "false",
                            "tags.%": "1",
                            "tags.Name": "bbl-env-urmia-2018-04-30t03-16z-internal-subnet2",
                            "vpc_id": "vpc-ce3364b5"
                        },
                        "meta": {
                            "schema_version": "1"
                        },
                        "tainted": false
                    },
                    "deposed": [],
                    "provider": "provider.aws"
                },
                "aws_subnet.internal_subnets.3": {
                    "type": "aws_subnet",
                    "depends_on": [
                        "local.vpc_id"
                    ],
                    "primary": {
                        "id": "subnet-2e32dd00",
                        "attributes": {
                            "assign_ipv6_address_on_creation": "false",
                            "availability_zone": "us-east-1d",
                            "cidr_block": "10.0.64.0/20",
                            "id": "subnet-2e32dd00",
                            "map_public_ip_on_launch": "false",
                            "tags.%": "1",
                            "tags.Name": "bbl-env-urmia-2018-04-30t03-16z-internal-subnet3",
                            "vpc_id": "vpc-ce3364b5"
                        },
                        "meta": {
                            "schema_version": "1"
                        },
                        "tainted": false
                    },
                    "deposed": [],
                    "provider": "provider.aws"
                },
                "aws_subnet.internal_subnets.4": {
                    "type": "aws_subnet",
                    "depends_on": [
                        "local.vpc_id"
                    ],
                    "primary": {
                        "id": "subnet-f89c93c7",
                        "attributes": {
                            "assign_ipv6_address_on_creation": "false",
                            "availability_zone": "us-east-1e",
                            "cidr_block": "10.0.80.0/20",
                            "id": "subnet-f89c93c7",
                            "map_public_ip_on_launch": "false",
                            "tags.%": "1",
                            "tags.Name": "bbl-env-urmia-2018-04-30t03-16z-internal-subnet4",
                            "vpc_id": "vpc-ce3364b5"
                        },
                        "meta": {
                            "schema_version": "1"
                        },
                        "tainted": false
                    },
                    "deposed": [],
                    "provider": "provider.aws"
                },
                "aws_subnet.internal_subnets.5": {
                    "type": "aws_subnet",
                    "depends_on": [
                        "local.vpc_id"
                    ],
                    "primary": {
                        "id": "subnet-097afc06",
                        "attributes": {
                            "assign_ipv6_address_on_creation": "false",
                            "availability_zone": "us-east-1f",
                            "cidr_block": "10.0.96.0/20",
                            "id": "subnet-097afc06",
                            "map_public_ip_on_launch": "false",
                            "tags.%": "1",
                            "tags.Name": "bbl-env-urmia-2018-04-30t03-16z-internal-subnet5",
                            "vpc_id": "vpc-ce3364b5"
                        },
                        "meta": {
                            "schema_version": "1"
                        },
                        "tainted": false
                    },
                    "deposed": [],
                    "provider": "provider.aws"
                },
                "aws_subnet.lb_subnets.0": {
                    "type": "aws_subnet",
                    "depends_on": [
                        "local.vpc_id"
                    ],
                    "primary": {
                        "id": "subnet-bc9e2ff6",
                        "attributes": {
                            "assign_ipv6_address_on_creation": "false",
                            "availability_zone": "us-east-1a",
                            "cidr_block": "10.0.2.0/24",
                            "id": "subnet-bc9e2ff6",
                            "map_public_ip_on_launch": "false",
                            "tags.%": "1",
                            "tags.Name": "bbl-env-urmia-2018-04-30t03-16z-lb-subnet0",
                            "vpc_id": "vpc-ce3364b5"
                        },
                        "meta": {
                            "schema_version": "1"
                        },
                        "tainted": false
                    },
                    "deposed": [],
                    "provider": "provider.aws"
                },
                "aws_subnet.lb_subnets.1": {
                    "type": "aws_subnet",
                    "depends_on": [
                        "local.vpc_id"
                    ],
                    "primary": {
                        "id": "subnet-24f21f78",
                        "attributes": {
                            "assign_ipv6_address_on_creation": "false",
                            "availability_zone": "us-east-1b",
                            "cidr_block": "10.0.3.0/24",
                            "id": "subnet-24f21f78",
                            "map_public_ip_on_launch": "false",
                            "tags.%": "1",
                            "tags.Name": "bbl-env-urmia-2018-04-30t03-16z-lb-subnet1",
                            "vpc_id": "vpc-ce3364b5"
                        },
                        "meta": {
                            "schema_version": "1"
                        },
                        "tainted": false
                    },
                    "deposed": [],
                    "provider": "provider.aws"
                },
                "aws_subnet.lb_subnets.2": {
                    "type": "aws_subnet",
                    "depends_on": [
                        "local.vpc_id"
                    ],
                    "primary": {
                        "id": "subnet-f826da9f",
                        "attributes": {
                            "assign_ipv6_address_on_creation": "false",
                            "availability_zone": "us-east-1c",
                            "cidr_block": "10.0.4.0/24",
                            "id": "subnet-f826da9f",
                            "map_public_ip_on_launch": "false",
                            "tags.%": "1",
                            "tags.Name": "bbl-env-urmia-2018-04-30t03-16z-lb-subnet2",
                            "vpc_id": "vpc-ce3364b5"
                        },
                        "meta": {
                            "schema_version": "1"
                        },
                        "tainted": false
                    },
                    "deposed": [],
                    "provider": "provider.aws"
                },
                "aws_subnet.lb_subnets.3": {
                    "type": "aws_subnet",
                    "depends_on": [
                        "local.vpc_id"
                    ],
                    "primary": {
                        "id": "subnet-ff06e9d1",
                        "attributes": {
                            "assign_ipv6_address_on_creation": "false",
                            "availability_zone": "us-east-1d",
                            "cidr_block": "10.0.5.0/24",
                            "id": "subnet-ff06e9d1",
                            "map_public_ip_on_launch": "false",
                            "tags.%": "1",
                            "tags.Name": "bbl-env-urmia-2018-04-30t03-16z-lb-subnet3",
                            "vpc_id": "vpc-ce3364b5"
                        },
                        "meta": {
                            "schema_version": "1"
                        },
                        "tainted": false
                    },
                    "deposed": [],
                    "provider": "provider.aws"
                },
                "aws_subnet.lb_subnets.4": {
                    "type": "aws_subnet",
                    "depends_on": [
                        "local.vpc_id"
                    ],
                    "primary": {
                        "id": "subnet-78848b47",
                        "attributes": {
                            "assign_ipv6_address_on_creation": "false",
                            "availability_zone": "us-east-1e",
                            "cidr_block": "10.0.6.0/24",
                            "id": "subnet-78848b47",
                            "map_public_ip_on_launch": "false",
                            "tags.%": "1",
                            "tags.Name": "bbl-env-urmia-2018-04-30t03-16z-lb-subnet4",
                            "vpc_id": "vpc-ce3364b5"
                        },
                        "meta": {
                            "schema_version": "1"
                        },
                        "tainted": false
                    },
                    "deposed": [],
                    "provider": "provider.aws"
                },
                "aws_subnet.lb_subnets.5": {
                    "type": "aws_subnet",
                    "depends_on": [
                        "local.vpc_id"
                    ],
                    "primary": {
                        "id": "subnet-f70f89f8",
                        "attributes": {
                            "assign_ipv6_address_on_creation": "false",
                            "availability_zone": "us-east-1f",
                            "cidr_block": "10.0.7.0/24",
                            "id": "subnet-f70f89f8",
                            "map_public_ip_on_launch": "false",
                            "tags.%": "1",
                            "tags.Name": "bbl-env-urmia-2018-04-30t03-16z-lb-subnet5",
                            "vpc_id": "vpc-ce3364b5"
                        },
                        "meta": {
                            "schema_version": "1"
                        },
                        "tainted": false
                    },
                    "deposed": [],
                    "provider": "provider.aws"
                },
                "aws_vpc.vpc": {
                    "type": "aws_vpc",
                    "depends_on": [
                        "local.vpc_count"
                    ],
                    "primary": {
                        "id": "vpc-ce3364b5",
                        "attributes": {
                            "assign_generated_ipv6_cidr_block": "false",
                            "cidr_block": "10.0.0.0/16",
                            "default_network_acl_id": "acl-6b309811",
                            "default_route_table_id": "rtb-16ecde6a",
                            "default_security_group_id": "sg-0f467c46",
                            "dhcp_options_id": "dopt-2f55bd54",
                            "enable_classiclink": "false",
                            "enable_classiclink_dns_support": "false",
                            "enable_dns_hostnames": "true",
                            "enable_dns_support": "true",
                            "id": "vpc-ce3364b5",
                            "instance_tenancy": "default",
                            "main_route_table_id": "rtb-16ecde6a",
                            "tags.%": "1",
                            "tags.Name": "bbl-env-urmia-2018-04-30t03-16z-vpc"
                        },
                        "meta": {
                            "schema_version": "1"
                        },
                        "tainted": false
                    },
                    "deposed": [],
                    "provider": "provider.aws"
                },
                "tls_private_key.bosh_vms": {
                    "type": "tls_private_key",
                    "depends_on": [],
                    "primary": {
                        "id": "2bfa135616b24e17407cc95fa4d8c0ebe416ece2",
                        "attributes": {
                            "algorithm": "RSA",
                            "ecdsa_curve": "P224",
                            "id": "2bfa135616b24e17407cc95fa4d8c0ebe416ece2",
                            "private_key_pem": "-----BEGIN RSA PRIVATE KEY-----\nMIIJJwIBAAKCAgEA46c/HOX5ryi537+dAOcd+Y5Wfhq8a9L15Hvta5wh1lyQh8FB\nAu4CikAUIo6WcaKTONBsE75uWouohNClrILdttXhW5gJ8mG+H3+h61TOZpevi1lz\nV/f1/rtKmse6yCcgjqFFOeN9ZW31mVsOgyh3InDu5saXP5jC9PX6i44RlABen8H5\n1Z9EEH9Gk3TBYmIgtu88VKiTezkKaCrKVDEUODILCizkv7LiS6CGVTMGj8A2J1d/\nh4n8S7q8+hLHBxfKkdCsCbWtYMsNGHKLLwZRzonxRWl71bBxlU5urLereVPF9iNc\nze4Jn6GhumhCZbVYLG4nZbjdtdmWseGoX765SdRRkLFhYv8o3dhUnen+bfjAiOzt\nNP/j0lSaomaBOR+sHoc9U+GksvPNBsbo6GvWorE/DdYPSoxpEOPlHbMHLdJp4D19\nSn2GR5jnIdBAk4XFPEgMszD79Bis10fzNJcPRvVS6Os7LJ6Bul03DuQXFH1caM1a\ndjQV2NZ4EeIPAv5H9NLGIu+1frOQ1BYEXI83HplOmNxA3GD/5JEL4VFX3wTqo7+r\n60Sd0ZYEWsFDHq1w/bz8rWqolJaCptm5WTxT+rClYjcNIoReYmQ9gY7Q56ANwK0l\nMmeR3KAI4l7QLvIQ7lkthIIrbErqGAjem/SEcJwiNK0frROlhf88zzcIKt0CAwEA\nAQKCAgAbYgOiazs0SXbKJhcxg5tEaE2ZD4g4hACVwh5VwksDqNCts54pRw3BKWIC\nohoQgxioTdGiMla9x2y2xQ4YiQk4M9POm6Qepoki6sxELUhCaN5xqYnJPAc347le\nksWxy5sL7PQRuX5c0/QlxSEiv5xM5T6nPZ31xV817dx8KtOMdNrs5n0xp92dCmIn\n3HRibCE5P9+G41wSB1NsIjGCHQEsnUBcsfe140N7C0z9NI0Gf31EEC9D02Iojcar\nYdTU0pTII0x+Qn8fVG030pdRSbZPXKJL0htWIcoXxn5jghg7GMuIBsrj7kz0CZIV\nhPLvnveDKKDOiIUKmaiZruX81kkdETWjH6jil10yXonEXdTbuw4JynB7ciOOc++p\nPTyUXIsHBeVIbd3iNpEkg0bJy3pEtlyfm5Lchzs5HiCxsTj6tkI4qlu8LwgBYwhr\nZsCrkWAtHttxGl82/NvZFVC3M5vbPRc0cWTwhQjU07ExaYZARrVKeZYqUuSle57s\n4lbc0L6FtiN94ESdxLJuorVp4s2rYmY/16XSgXYzH8BT1MZc6zlo+MZBIx4EofMk\n37lmyLYK00HhlF0enTsEawPy3O2B2iOl8gXHO2dhRVZu6CGRmSPNSzwo/L5lk+Xc\nSatVg5fhzC8igofbnRbec6oCwct8vp4ahAetLQs0UGfS0L0DVQKCAQEA+MQdBwOB\nKrx+5QWF+migtaPir5twppwuTBOAxejblYnbI37KorjgyeEGCJCiBrEs0cCv1SIY\nT+geKqzysx5b55JNT6MBuCjfM4nKFU0jWBWkxr/+PSV+PeGOLDB9rd4TwbwcId0b\n4g56PxjqXmw1wWEq4235AgkTjjGpr0dDj/exkLZY3ZiqnzuRfp3yF+QuIV/EdcW0\nYKkdhLz3xbtWo/G69+X48CpLvRHAgAJnX5cl/4B8veAyNaCRPWTvEjtP25ZnJl7b\ncWpznaRJtz4xItlRV2SJqdS9E4/Hj9zbaCHhByNr3wUB6G6/5TELpx1438/hq8wH\nGGFqyEIM8BctTwKCAQEA6kX2sTf5ycdG5SU8hAVVwdYvCny8LWf3cgkGg5nW/e1H\nOWMTfJ0IvVBpsF7uFkuMIV/XfGndPxPJ28+zsHyEptd6nniMrwQWjs8WnMeFi6Ts\nhf2AclE8iLPnzuYgvHjo3jsCJ+wMc0XSkAoJi20sk/yAnwxZkY9GdX/WvAcRo0Tq\nByVBOqhnkgl8OthJRQjj7lDla6fN6Bb6S44GUJkh/6qruLKP2pFXzIyrX5uhHrxF\n6v33HxJlOZFlRUj0eq/pCIPa9UfoiJb3rt5yYEb1JIkEnwBV1fPdlSEwYxS8se4Y\n+hEnOrstuSRLOsCtgO6ZGajVSlL9/2kVahczJEvSEwKCAQAhdM6qmNAQXVV7m6iP\nKu8iPq5IC9G0tqCLXrwc4dpWXDn6phy+kbq5q+fR0xHXcJCkjROYyIMYjBEykBv7\n9wNJO6XmJfgfOm/6UHe7MaqlOBP3Hu8kbhxyWhly2/qrHYjur0vhSglr96J9Re6P\nUGJSZa0M9Udd/LaCky9NAXqWrCtXWQ7Ojq+zxqEktD1Q9UE2/9g+Np6xuUzdA0UX\ndMCMQABzQpyeQDH7dZ28GZaphnx3xmIAb1yRVczywtZcT1nIIIwy3uMId9agxu2b\nFWQqWavU4xKYoqHjNZ0TPhLMCHJpMVxanCPLjMmGG3iDuzT8dMrW/hOeNcvUrv1q\ndNOFAoIBAGBZH8jotYFHxJ9u/gFp1Egg1z3f6OBftsOedKBg/6t1D2rJlXUVfEen\nr5/Kmu5uaZY8PXo8a7KKZ+VP+Z2myEN5sUNFXs6HxuM6xhj6cbDpxiChDld1k4jB\nPJ+5w1LgAx2KdSuIB+LMn3l/t0cxQjkmiptez+NuYlLmnaC844MbT4hayQXfxqCn\n6ACnfRK4Qk171a6915ARCyVRpsU1BWeJgJA4V7NTPSGx5LUwY0YptjOb+Ss9PIY9\nhsHE7E8c06Ed4UopJbgvJnQzpiR0alN5Sn49/A8++S1g9e5509T1kC4gKdscqgRP\nqeTi4zh4aFzGM9oaYb3OMPFt0ymlSSMCggEADPMX1Z/5wJErZcOH2Yy/XnsV8H0T\nU4IursIivBEuytRwZhFIIiGjmOihHMQ72EFD6Qy73HGM15JbLzvOAiKCJaO2/0w6\noy1KnBDKjG8XY1TLNfM0zJvlgDrtYSh3ua9DqTAp3ClPZVy5YZYt7QA8dgIkdB5+\nsHu6s+C/4gQhTTHhbYY0VDFYuCVt4DyWHKNFojA4SwZfB+ra+cmbnB93JTn85MYT\n+n3tUjGGaHItwE2AaIlrkiT+OmM7TqnqK06Hj8CKPhy1E6kQygsrSGtHq05tS8rJ\nZGUVae3okvn4pAPiqnppnXZFNzf7TwvhaVKGqnCCrpMARyGN9h4ofheF2A==\n-----END RSA PRIVATE KEY-----\n",
                            "public_key_openssh": "ssh-rsa AAAAB3NzaC1yc2EAAAADAQABAAACAQDjpz8c5fmvKLnfv50A5x35jlZ+Grxr0vXke+1rnCHWXJCHwUEC7gKKQBQijpZxopM40GwTvm5ai6iE0KWsgt221eFbmAnyYb4ff6HrVM5ml6+LWXNX9/X+u0qax7rIJyCOoUU5431lbfWZWw6DKHcicO7mxpc/mML09fqLjhGUAF6fwfnVn0QQf0aTdMFiYiC27zxUqJN7OQpoKspUMRQ4MgsKLOS/suJLoIZVMwaPwDYnV3+HifxLurz6EscHF8qR0KwJta1gyw0YcosvBlHOifFFaXvVsHGVTm6st6t5U8X2I1zN7gmfoaG6aEJltVgsbidluN212Zax4ahfvrlJ1FGQsWFi/yjd2FSd6f5t+MCI7O00/+PSVJqiZoE5H6wehz1T4aSy880Gxujoa9aisT8N1g9KjGkQ4+Udswct0mngPX1KfYZHmOch0ECThcU8SAyzMPv0GKzXR/M0lw9G9VLo6zssnoG6XTcO5BcUfVxozVp2NBXY1ngR4g8C/kf00sYi77V+s5DUFgRcjzcemU6Y3EDcYP/kkQvhUVffBOqjv6vrRJ3RlgRawUMerXD9vPytaqiUloKm2blZPFP6sKViNw0ihF5iZD2BjtDnoA3ArSUyZ5HcoAjiXtAu8hDuWS2EgitsSuoYCN6b9IRwnCI0rR+tE6WF/zzPNwgq3Q==\n",
                            "public_key_pem": "-----BEGIN PUBLIC KEY-----\nMIICIjANBgkqhkiG9w0BAQEFAAOCAg8AMIICCgKCAgEA46c/HOX5ryi537+dAOcd\n+Y5Wfhq8a9L15Hvta5wh1lyQh8FBAu4CikAUIo6WcaKTONBsE75uWouohNClrILd\nttXhW5gJ8mG+H3+h61TOZpevi1lzV/f1/rtKmse6yCcgjqFFOeN9ZW31mVsOgyh3\nInDu5saXP5jC9PX6i44RlABen8H51Z9EEH9Gk3TBYmIgtu88VKiTezkKaCrKVDEU\nODILCizkv7LiS6CGVTMGj8A2J1d/h4n8S7q8+hLHBxfKkdCsCbWtYMsNGHKLLwZR\nzonxRWl71bBxlU5urLereVPF9iNcze4Jn6GhumhCZbVYLG4nZbjdtdmWseGoX765\nSdRRkLFhYv8o3dhUnen+bfjAiOztNP/j0lSaomaBOR+sHoc9U+GksvPNBsbo6GvW\norE/DdYPSoxpEOPlHbMHLdJp4D19Sn2GR5jnIdBAk4XFPEgMszD79Bis10fzNJcP\nRvVS6Os7LJ6Bul03DuQXFH1caM1adjQV2NZ4EeIPAv5H9NLGIu+1frOQ1BYEXI83\nHplOmNxA3GD/5JEL4VFX3wTqo7+r60Sd0ZYEWsFDHq1w/bz8rWqolJaCptm5WTxT\n+rClYjcNIoReYmQ9gY7Q56ANwK0lMmeR3KAI4l7QLvIQ7lkthIIrbErqGAjem/SE\ncJwiNK0frROlhf88zzcIKt0CAwEAAQ==\n-----END PUBLIC KEY-----\n",
                            "rsa_bits": "4096"
                        },
                        "meta": {},
                        "tainted": false
                    },
                    "deposed": [],
                    "provider": "provider.tls"
                }
            },
            "depends_on": []
        }
    ]
}
